
Microsoft Visual Studio Solution File, Format Version 12.00
# Visual Studio 14
VisualStudioVersion = 14.0.22823.1
MinimumVisualStudioVersion = 10.0.40219.1
Project("{F2A71F9B-5D33-465A-A702-920D77279786}") = "SampleFS", "SampleFS\SampleFS.fsproj", "{44F71F8F-4B61-44EE-A4D4-CADA905170C6}"
EndProject
Project("{F2A71F9B-5D33-465A-A702-920D77279786}") = "SamplePadFS", "SamplePadFS\SamplePadFS.fsproj", "{9273CEE4-87DF-4F6B-AE98-1BC8E380FF45}"
EndProject
Global
	GlobalSection(SolutionConfigurationPlatforms) = preSolution
		Debug|Any CPU = Debug|Any CPU
		Release|Any CPU = Release|Any CPU
	EndGlobalSection
	GlobalSection(ProjectConfigurationPlatforms) = postSolution
		{44F71F8F-4B61-44EE-A4D4-CADA905170C6}.Debug|Any CPU.ActiveCfg = Debug|Any CPU
		{44F71F8F-4B61-44EE-A4D4-CADA905170C6}.Debug|Any CPU.Build.0 = Debug|Any CPU
		{44F71F8F-4B61-44EE-A4D4-CADA905170C6}.Release|Any CPU.ActiveCfg = Release|Any CPU
		{44F71F8F-4B61-44EE-A4D4-CADA905170C6}.Release|Any CPU.Build.0 = Release|Any CPU
		{9273CEE4-87DF-4F6B-AE98-1BC8E380FF45}.Debug|Any CPU.ActiveCfg = Debug|Any CPU
		{9273CEE4-87DF-4F6B-AE98-1BC8E380FF45}.Debug|Any CPU.Build.0 = Debug|Any CPU
		{9273CEE4-87DF-4F6B-AE98-1BC8E380FF45}.Release|Any CPU.ActiveCfg = Release|Any CPU
		{9273CEE4-87DF-4F6B-AE98-1BC8E380FF45}.Release|Any CPU.Build.0 = Release|Any CPU
	EndGlobalSection
	GlobalSection(SolutionProperties) = preSolution
		HideSolutionNode = FALSE
	EndGlobalSection
EndGlobal
