// !$*UTF8*$!
{
	archiveVersion = 1;
	classes = {
	};
	objectVersion = 56;
	objects = {

/* Begin PBXBuildFile section */
		8CBB5ACB2935078F00B8AEE0 /* AppDelegate.swift in Sources */ = {isa = PBXBuildFile; fileRef = 8CBB5ACA2935078F00B8AEE0 /* AppDelegate.swift */; };
		8CBB5ACD2935078F00B8AEE0 /* ViewController.swift in Sources */ = {isa = PBXBuildFile; fileRef = 8CBB5ACC2935078F00B8AEE0 /* ViewController.swift */; };
		8CBB5ACF2935079000B8AEE0 /* Assets.xcassets in Resources */ = {isa = PBXBuildFile; fileRef = 8CBB5ACE2935079000B8AEE0 /* Assets.xcassets */; };
		8CBB5AD22935079000B8AEE0 /* Main.storyboard in Resources */ = {isa = PBXBuildFile; fileRef = 8CBB5AD02935079000B8AEE0 /* Main.storyboard */; };
		8CBB5B7A2937D09800B8AEE0 /* NumbersViewModel.swift in Sources */ = {isa = PBXBuildFile; fileRef = 8CBB5B792937D09800B8AEE0 /* NumbersViewModel.swift */; };
		8CBB5B9F293A826500B8AEE0 /* StoreIn.swift in Sources */ = {isa = PBXBuildFile; fileRef = 8CBB5B9B293A826500B8AEE0 /* StoreIn.swift */; };
		8CBB5BBC293B170000B8AEE0 /* ControlViewModel.swift in Sources */ = {isa = PBXBuildFile; fileRef = 8CBB5BBB293B170000B8AEE0 /* ControlViewModel.swift */; };
		8CBB5BC0293B535700B8AEE0 /* CombineControlTarget.swift in Sources */ = {isa = PBXBuildFile; fileRef = 8CBB5BBF293B535700B8AEE0 /* CombineControlTarget.swift */; };
		8CBB5BC2293B7F7700B8AEE0 /* CombineControlProperty.swift in Sources */ = {isa = PBXBuildFile; fileRef = 8CBB5BC1293B7F7700B8AEE0 /* CombineControlProperty.swift */; };
		8CBB5BC6293C7BE400B8AEE0 /* CombineControlProperty2.swift in Sources */ = {isa = PBXBuildFile; fileRef = 8CBB5BC5293C7BE400B8AEE0 /* CombineControlProperty2.swift */; };
		8CBB5BF6293DE18100B8AEE0 /* Control+Bind.swift in Sources */ = {isa = PBXBuildFile; fileRef = 8CBB5BF5293DE18100B8AEE0 /* Control+Bind.swift */; };
		8CC3CB6329404F12005670CC /* DelegateProxy.swift in Sources */ = {isa = PBXBuildFile; fileRef = 8CC3CB5E29404F12005670CC /* DelegateProxy.swift */; };
		8CC3CB6429404F12005670CC /* DelegateProxyPublisher.swift in Sources */ = {isa = PBXBuildFile; fileRef = 8CC3CB5F29404F12005670CC /* DelegateProxyPublisher.swift */; };
		8CC3CB6529404F12005670CC /* ObjcDelegateProxy.m in Sources */ = {isa = PBXBuildFile; fileRef = 8CC3CB6029404F12005670CC /* ObjcDelegateProxy.m */; };
		8CC3CB6629404F12005670CC /* DelegateProxyType.swift in Sources */ = {isa = PBXBuildFile; fileRef = 8CC3CB6229404F12005670CC /* DelegateProxyType.swift */; };
		8CC3CBB529428391005670CC /* NSButton+Combine.swift in Sources */ = {isa = PBXBuildFile; fileRef = 8CC3CBAE29428391005670CC /* NSButton+Combine.swift */; };
		8CC3CBB629428391005670CC /* NSPopUpButton+Combine.swift in Sources */ = {isa = PBXBuildFile; fileRef = 8CC3CBAF29428391005670CC /* NSPopUpButton+Combine.swift */; };
		8CC3CBB729428391005670CC /* NSStepper+Combine.swift in Sources */ = {isa = PBXBuildFile; fileRef = 8CC3CBB029428391005670CC /* NSStepper+Combine.swift */; };
		8CC3CBB829428391005670CC /* NSSearchField+Combine.swift in Sources */ = {isa = PBXBuildFile; fileRef = 8CC3CBB129428391005670CC /* NSSearchField+Combine.swift */; };
		8CC3CBB929428391005670CC /* NSSegmentedControl+Combine.swift in Sources */ = {isa = PBXBuildFile; fileRef = 8CC3CBB229428391005670CC /* NSSegmentedControl+Combine.swift */; };
		8CC3CBBA29428391005670CC /* NSTextView+Combine.swift in Sources */ = {isa = PBXBuildFile; fileRef = 8CC3CBB329428391005670CC /* NSTextView+Combine.swift */; };
		8CC3CBBB29428391005670CC /* NSTextField+Combine.swift in Sources */ = {isa = PBXBuildFile; fileRef = 8CC3CBB429428391005670CC /* NSTextField+Combine.swift */; };
		8CE527A629450F1400381D86 /* Publisher+Bind.swift in Sources */ = {isa = PBXBuildFile; fileRef = 8CE527A529450F1400381D86 /* Publisher+Bind.swift */; };
/* End PBXBuildFile section */

/* Begin PBXFileReference section */
		8CBB5AC72935078F00B8AEE0 /* CombineMacExample.app */ = {isa = PBXFileReference; explicitFileType = wrapper.application; includeInIndex = 0; path = CombineMacExample.app; sourceTree = BUILT_PRODUCTS_DIR; };
		8CBB5ACA2935078F00B8AEE0 /* AppDelegate.swift */ = {isa = PBXFileReference; lastKnownFileType = sourcecode.swift; path = AppDelegate.swift; sourceTree = "<group>"; };
		8CBB5ACC2935078F00B8AEE0 /* ViewController.swift */ = {isa = PBXFileReference; lastKnownFileType = sourcecode.swift; path = ViewController.swift; sourceTree = "<group>"; };
		8CBB5ACE2935079000B8AEE0 /* Assets.xcassets */ = {isa = PBXFileReference; lastKnownFileType = folder.assetcatalog; path = Assets.xcassets; sourceTree = "<group>"; };
		8CBB5AD12935079000B8AEE0 /* Base */ = {isa = PBXFileReference; lastKnownFileType = file.storyboard; name = Base; path = Base.lproj/Main.storyboard; sourceTree = "<group>"; };
		8CBB5AD32935079000B8AEE0 /* CombineMacExample.entitlements */ = {isa = PBXFileReference; lastKnownFileType = text.plist.entitlements; path = CombineMacExample.entitlements; sourceTree = "<group>"; };
		8CBB5B792937D09800B8AEE0 /* NumbersViewModel.swift */ = {isa = PBXFileReference; fileEncoding = 4; lastKnownFileType = sourcecode.swift; path = NumbersViewModel.swift; sourceTree = "<group>"; };
		8CBB5B9B293A826500B8AEE0 /* StoreIn.swift */ = {isa = PBXFileReference; fileEncoding = 4; lastKnownFileType = sourcecode.swift; path = StoreIn.swift; sourceTree = "<group>"; };
		8CBB5BBB293B170000B8AEE0 /* ControlViewModel.swift */ = {isa = PBXFileReference; lastKnownFileType = sourcecode.swift; path = ControlViewModel.swift; sourceTree = "<group>"; };
		8CBB5BBF293B535700B8AEE0 /* CombineControlTarget.swift */ = {isa = PBXFileReference; fileEncoding = 4; lastKnownFileType = sourcecode.swift; path = CombineControlTarget.swift; sourceTree = "<group>"; };
		8CBB5BC1293B7F7700B8AEE0 /* CombineControlProperty.swift */ = {isa = PBXFileReference; fileEncoding = 4; lastKnownFileType = sourcecode.swift; path = CombineControlProperty.swift; sourceTree = "<group>"; };
		8CBB5BC5293C7BE400B8AEE0 /* CombineControlProperty2.swift */ = {isa = PBXFileReference; lastKnownFileType = sourcecode.swift; path = CombineControlProperty2.swift; sourceTree = "<group>"; };
		8CBB5BF5293DE18100B8AEE0 /* Control+Bind.swift */ = {isa = PBXFileReference; fileEncoding = 4; lastKnownFileType = sourcecode.swift; path = "Control+Bind.swift"; sourceTree = "<group>"; };
		8CC3CB5E29404F12005670CC /* DelegateProxy.swift */ = {isa = PBXFileReference; fileEncoding = 4; lastKnownFileType = sourcecode.swift; path = DelegateProxy.swift; sourceTree = "<group>"; };
		8CC3CB5F29404F12005670CC /* DelegateProxyPublisher.swift */ = {isa = PBXFileReference; fileEncoding = 4; lastKnownFileType = sourcecode.swift; path = DelegateProxyPublisher.swift; sourceTree = "<group>"; };
		8CC3CB6029404F12005670CC /* ObjcDelegateProxy.m */ = {isa = PBXFileReference; fileEncoding = 4; lastKnownFileType = sourcecode.c.objc; path = ObjcDelegateProxy.m; sourceTree = "<group>"; };
		8CC3CB6129404F12005670CC /* ObjcDelegateProxy.h */ = {isa = PBXFileReference; fileEncoding = 4; lastKnownFileType = sourcecode.c.h; path = ObjcDelegateProxy.h; sourceTree = "<group>"; };
		8CC3CB6229404F12005670CC /* DelegateProxyType.swift */ = {isa = PBXFileReference; fileEncoding = 4; lastKnownFileType = sourcecode.swift; path = DelegateProxyType.swift; sourceTree = "<group>"; };
		8CC3CB7129406572005670CC /* CombineMacExample-Bridging-Header.h */ = {isa = PBXFileReference; lastKnownFileType = sourcecode.c.h; path = "CombineMacExample-Bridging-Header.h"; sourceTree = "<group>"; };
		8CC3CBAE29428391005670CC /* NSButton+Combine.swift */ = {isa = PBXFileReference; fileEncoding = 4; lastKnownFileType = sourcecode.swift; path = "NSButton+Combine.swift"; sourceTree = "<group>"; };
		8CC3CBAF29428391005670CC /* NSPopUpButton+Combine.swift */ = {isa = PBXFileReference; fileEncoding = 4; lastKnownFileType = sourcecode.swift; path = "NSPopUpButton+Combine.swift"; sourceTree = "<group>"; };
		8CC3CBB029428391005670CC /* NSStepper+Combine.swift */ = {isa = PBXFileReference; fileEncoding = 4; lastKnownFileType = sourcecode.swift; path = "NSStepper+Combine.swift"; sourceTree = "<group>"; };
		8CC3CBB129428391005670CC /* NSSearchField+Combine.swift */ = {isa = PBXFileReference; fileEncoding = 4; lastKnownFileType = sourcecode.swift; path = "NSSearchField+Combine.swift"; sourceTree = "<group>"; };
		8CC3CBB229428391005670CC /* NSSegmentedControl+Combine.swift */ = {isa = PBXFileReference; fileEncoding = 4; lastKnownFileType = sourcecode.swift; path = "NSSegmentedControl+Combine.swift"; sourceTree = "<group>"; };
		8CC3CBB329428391005670CC /* NSTextView+Combine.swift */ = {isa = PBXFileReference; fileEncoding = 4; lastKnownFileType = sourcecode.swift; path = "NSTextView+Combine.swift"; sourceTree = "<group>"; };
		8CC3CBB429428391005670CC /* NSTextField+Combine.swift */ = {isa = PBXFileReference; fileEncoding = 4; lastKnownFileType = sourcecode.swift; path = "NSTextField+Combine.swift"; sourceTree = "<group>"; };
		8CE527A529450F1400381D86 /* Publisher+Bind.swift */ = {isa = PBXFileReference; fileEncoding = 4; lastKnownFileType = sourcecode.swift; path = "Publisher+Bind.swift"; sourceTree = "<group>"; };
/* End PBXFileReference section */

/* Begin PBXFrameworksBuildPhase section */
		8CBB5AC42935078F00B8AEE0 /* Frameworks */ = {
			isa = PBXFrameworksBuildPhase;
			buildActionMask = 2147483647;
			files = (
			);
			runOnlyForDeploymentPostprocessing = 0;
		};
/* End PBXFrameworksBuildPhase section */

/* Begin PBXGroup section */
		8CBB5ABE2935078F00B8AEE0 = {
			isa = PBXGroup;
			children = (
				8CBB5B792937D09800B8AEE0 /* NumbersViewModel.swift */,
				8CBB5B99293A826500B8AEE0 /* CombineCommon */,
				8CBB5AC92935078F00B8AEE0 /* CombineMacExample */,
				8CBB5AC82935078F00B8AEE0 /* Products */,
			);
			sourceTree = "<group>";
		};
		8CBB5AC82935078F00B8AEE0 /* Products */ = {
			isa = PBXGroup;
			children = (
				8CBB5AC72935078F00B8AEE0 /* CombineMacExample.app */,
			);
			name = Products;
			sourceTree = "<group>";
		};
		8CBB5AC92935078F00B8AEE0 /* CombineMacExample */ = {
			isa = PBXGroup;
			children = (
				8CBB5ACA2935078F00B8AEE0 /* AppDelegate.swift */,
				8CBB5ACC2935078F00B8AEE0 /* ViewController.swift */,
				8CBB5ACE2935079000B8AEE0 /* Assets.xcassets */,
				8CBB5AD02935079000B8AEE0 /* Main.storyboard */,
				8CBB5AD32935079000B8AEE0 /* CombineMacExample.entitlements */,
				8CBB5BBB293B170000B8AEE0 /* ControlViewModel.swift */,
				8CC3CB7129406572005670CC /* CombineMacExample-Bridging-Header.h */,
			);
			path = CombineMacExample;
			sourceTree = "<group>";
		};
		8CBB5B99293A826500B8AEE0 /* CombineCommon */ = {
			isa = PBXGroup;
			children = (
				8CBB5BC1293B7F7700B8AEE0 /* CombineControlProperty.swift */,
				8CBB5BC5293C7BE400B8AEE0 /* CombineControlProperty2.swift */,
				8CBB5BBF293B535700B8AEE0 /* CombineControlTarget.swift */,
				8CBB5BE6293D7DD000B8AEE0 /* Controls */,
				8CC3CB5D29404F12005670CC /* DelegateProxy */,
				8CE527A529450F1400381D86 /* Publisher+Bind.swift */,
				8CBB5B9B293A826500B8AEE0 /* StoreIn.swift */,
			);
			path = CombineCommon;
			sourceTree = "<group>";
		};
		8CBB5BE6293D7DD000B8AEE0 /* Controls */ = {
			isa = PBXGroup;
			children = (
				8CBB5BF5293DE18100B8AEE0 /* Control+Bind.swift */,
				8CC3CBAD29428391005670CC /* NSControl */,
			);
			path = Controls;
			sourceTree = "<group>";
		};
		8CC3CB5D29404F12005670CC /* DelegateProxy */ = {
			isa = PBXGroup;
			children = (
				8CC3CB5E29404F12005670CC /* DelegateProxy.swift */,
				8CC3CB5F29404F12005670CC /* DelegateProxyPublisher.swift */,
				8CC3CB6229404F12005670CC /* DelegateProxyType.swift */,
				8CC3CB6129404F12005670CC /* ObjcDelegateProxy.h */,
				8CC3CB6029404F12005670CC /* ObjcDelegateProxy.m */,
			);
			name = DelegateProxy;
			path = CombineCommon/DelegateProxy;
			sourceTree = SOURCE_ROOT;
		};
		8CC3CBAD29428391005670CC /* NSControl */ = {
			isa = PBXGroup;
			children = (
				8CC3CBAE29428391005670CC /* NSButton+Combine.swift */,
				8CC3CBAF29428391005670CC /* NSPopUpButton+Combine.swift */,
				8CC3CBB029428391005670CC /* NSStepper+Combine.swift */,
				8CC3CBB129428391005670CC /* NSSearchField+Combine.swift */,
				8CC3CBB229428391005670CC /* NSSegmentedControl+Combine.swift */,
				8CC3CBB329428391005670CC /* NSTextView+Combine.swift */,
				8CC3CBB429428391005670CC /* NSTextField+Combine.swift */,
			);
			path = NSControl;
			sourceTree = "<group>";
		};
/* End PBXGroup section */

/* Begin PBXNativeTarget section */
		8CBB5AC62935078F00B8AEE0 /* CombineMacExample */ = {
			isa = PBXNativeTarget;
			buildConfigurationList = 8CBB5AD62935079000B8AEE0 /* Build configuration list for PBXNativeTarget "CombineMacExample" */;
			buildPhases = (
				8CBB5AC32935078F00B8AEE0 /* Sources */,
				8CBB5AC42935078F00B8AEE0 /* Frameworks */,
				8CBB5AC52935078F00B8AEE0 /* Resources */,
			);
			buildRules = (
			);
			dependencies = (
			);
			name = CombineMacExample;
			packageProductDependencies = (
			);
			productName = CombineMacExample;
			productReference = 8CBB5AC72935078F00B8AEE0 /* CombineMacExample.app */;
			productType = "com.apple.product-type.application";
		};
/* End PBXNativeTarget section */

/* Begin PBXProject section */
		8CBB5ABF2935078F00B8AEE0 /* Project object */ = {
			isa = PBXProject;
			attributes = {
				BuildIndependentTargetsInParallel = 1;
				LastSwiftUpdateCheck = 1410;
				LastUpgradeCheck = 1410;
				TargetAttributes = {
					8CBB5AC62935078F00B8AEE0 = {
						CreatedOnToolsVersion = 14.1;
					};
				};
			};
			buildConfigurationList = 8CBB5AC22935078F00B8AEE0 /* Build configuration list for PBXProject "CombineMacExample" */;
			compatibilityVersion = "Xcode 14.0";
			developmentRegion = en;
			hasScannedForEncodings = 0;
			knownRegions = (
				en,
				Base,
			);
			mainGroup = 8CBB5ABE2935078F00B8AEE0;
			packageReferences = (
			);
			productRefGroup = 8CBB5AC82935078F00B8AEE0 /* Products */;
			projectDirPath = "";
			projectRoot = "";
			targets = (
				8CBB5AC62935078F00B8AEE0 /* CombineMacExample */,
			);
		};
/* End PBXProject section */

/* Begin PBXResourcesBuildPhase section */
		8CBB5AC52935078F00B8AEE0 /* Resources */ = {
			isa = PBXResourcesBuildPhase;
			buildActionMask = 2147483647;
			files = (
				8CBB5ACF2935079000B8AEE0 /* Assets.xcassets in Resources */,
				8CBB5AD22935079000B8AEE0 /* Main.storyboard in Resources */,
			);
			runOnlyForDeploymentPostprocessing = 0;
		};
/* End PBXResourcesBuildPhase section */

/* Begin PBXSourcesBuildPhase section */
		8CBB5AC32935078F00B8AEE0 /* Sources */ = {
			isa = PBXSourcesBuildPhase;
			buildActionMask = 2147483647;
			files = (
				8CBB5ACD2935078F00B8AEE0 /* ViewController.swift in Sources */,
				8CC3CBBA29428391005670CC /* NSTextView+Combine.swift in Sources */,
				8CC3CBBB29428391005670CC /* NSTextField+Combine.swift in Sources */,
				8CBB5BC0293B535700B8AEE0 /* CombineControlTarget.swift in Sources */,
				8CC3CB6629404F12005670CC /* DelegateProxyType.swift in Sources */,
				8CBB5B9F293A826500B8AEE0 /* StoreIn.swift in Sources */,
				8CC3CBB829428391005670CC /* NSSearchField+Combine.swift in Sources */,
				8CBB5BC6293C7BE400B8AEE0 /* CombineControlProperty2.swift in Sources */,
				8CBB5B7A2937D09800B8AEE0 /* NumbersViewModel.swift in Sources */,
				8CBB5BC2293B7F7700B8AEE0 /* CombineControlProperty.swift in Sources */,
				8CC3CB6429404F12005670CC /* DelegateProxyPublisher.swift in Sources */,
				8CC3CBB529428391005670CC /* NSButton+Combine.swift in Sources */,
				8CC3CBB629428391005670CC /* NSPopUpButton+Combine.swift in Sources */,
				8CBB5BF6293DE18100B8AEE0 /* Control+Bind.swift in Sources */,
				8CC3CBB929428391005670CC /* NSSegmentedControl+Combine.swift in Sources */,
				8CBB5BBC293B170000B8AEE0 /* ControlViewModel.swift in Sources */,
				8CE527A629450F1400381D86 /* Publisher+Bind.swift in Sources */,
				8CC3CB6329404F12005670CC /* DelegateProxy.swift in Sources */,
				8CC3CB6529404F12005670CC /* ObjcDelegateProxy.m in Sources */,
				8CC3CBB729428391005670CC /* NSStepper+Combine.swift in Sources */,
				8CBB5ACB2935078F00B8AEE0 /* AppDelegate.swift in Sources */,
			);
			runOnlyForDeploymentPostprocessing = 0;
		};
/* End PBXSourcesBuildPhase section */

/* Begin PBXVariantGroup section */
		8CBB5AD02935079000B8AEE0 /* Main.storyboard */ = {
			isa = PBXVariantGroup;
			children = (
				8CBB5AD12935079000B8AEE0 /* Base */,
			);
			name = Main.storyboard;
			sourceTree = "<group>";
		};
/* End PBXVariantGroup section */

/* Begin XCBuildConfiguration section */
		8CBB5AD42935079000B8AEE0 /* Debug */ = {
			isa = XCBuildConfiguration;
			buildSettings = {
				ALWAYS_SEARCH_USER_PATHS = NO;
				CLANG_ANALYZER_NONNULL = YES;
				CLANG_ANALYZER_NUMBER_OBJECT_CONVERSION = YES_AGGRESSIVE;
				CLANG_CXX_LANGUAGE_STANDARD = "gnu++20";
				CLANG_ENABLE_MODULES = YES;
				CLANG_ENABLE_OBJC_ARC = YES;
				CLANG_ENABLE_OBJC_WEAK = YES;
				CLANG_WARN_BLOCK_CAPTURE_AUTORELEASING = YES;
				CLANG_WARN_BOOL_CONVERSION = YES;
				CLANG_WARN_COMMA = YES;
				CLANG_WARN_CONSTANT_CONVERSION = YES;
				CLANG_WARN_DEPRECATED_OBJC_IMPLEMENTATIONS = YES;
				CLANG_WARN_DIRECT_OBJC_ISA_USAGE = YES_ERROR;
				CLANG_WARN_DOCUMENTATION_COMMENTS = YES;
				CLANG_WARN_EMPTY_BODY = YES;
				CLANG_WARN_ENUM_CONVERSION = YES;
				CLANG_WARN_INFINITE_RECURSION = YES;
				CLANG_WARN_INT_CONVERSION = YES;
				CLANG_WARN_NON_LITERAL_NULL_CONVERSION = YES;
				CLANG_WARN_OBJC_IMPLICIT_RETAIN_SELF = YES;
				CLANG_WARN_OBJC_LITERAL_CONVERSION = YES;
				CLANG_WARN_OBJC_ROOT_CLASS = YES_ERROR;
				CLANG_WARN_QUOTED_INCLUDE_IN_FRAMEWORK_HEADER = YES;
				CLANG_WARN_RANGE_LOOP_ANALYSIS = YES;
				CLANG_WARN_STRICT_PROTOTYPES = YES;
				CLANG_WARN_SUSPICIOUS_MOVE = YES;
				CLANG_WARN_UNGUARDED_AVAILABILITY = YES_AGGRESSIVE;
				CLANG_WARN_UNREACHABLE_CODE = YES;
				CLANG_WARN__DUPLICATE_METHOD_MATCH = YES;
				COPY_PHASE_STRIP = NO;
				DEBUG_INFORMATION_FORMAT = dwarf;
				ENABLE_STRICT_OBJC_MSGSEND = YES;
				ENABLE_TESTABILITY = YES;
				GCC_C_LANGUAGE_STANDARD = gnu11;
				GCC_DYNAMIC_NO_PIC = NO;
				GCC_NO_COMMON_BLOCKS = YES;
				GCC_OPTIMIZATION_LEVEL = 0;
				GCC_PREPROCESSOR_DEFINITIONS = (
					"DEBUG=1",
					"$(inherited)",
				);
				GCC_WARN_64_TO_32_BIT_CONVERSION = YES;
				GCC_WARN_ABOUT_RETURN_TYPE = YES_ERROR;
				GCC_WARN_UNDECLARED_SELECTOR = YES;
				GCC_WARN_UNINITIALIZED_AUTOS = YES_AGGRESSIVE;
				GCC_WARN_UNUSED_FUNCTION = YES;
				GCC_WARN_UNUSED_VARIABLE = YES;
				MACOSX_DEPLOYMENT_TARGET = 13.0;
				MTL_ENABLE_DEBUG_INFO = INCLUDE_SOURCE;
				MTL_FAST_MATH = YES;
				ONLY_ACTIVE_ARCH = YES;
				SDKROOT = macosx;
				SWIFT_ACTIVE_COMPILATION_CONDITIONS = DEBUG;
				SWIFT_OPTIMIZATION_LEVEL = "-Onone";
			};
			name = Debug;
		};
		8CBB5AD52935079000B8AEE0 /* Release */ = {
			isa = XCBuildConfiguration;
			buildSettings = {
				ALWAYS_SEARCH_USER_PATHS = NO;
				CLANG_ANALYZER_NONNULL = YES;
				CLANG_ANALYZER_NUMBER_OBJECT_CONVERSION = YES_AGGRESSIVE;
				CLANG_CXX_LANGUAGE_STANDARD = "gnu++20";
				CLANG_ENABLE_MODULES = YES;
				CLANG_ENABLE_OBJC_ARC = YES;
				CLANG_ENABLE_OBJC_WEAK = YES;
				CLANG_WARN_BLOCK_CAPTURE_AUTORELEASING = YES;
				CLANG_WARN_BOOL_CONVERSION = YES;
				CLANG_WARN_COMMA = YES;
				CLANG_WARN_CONSTANT_CONVERSION = YES;
				CLANG_WARN_DEPRECATED_OBJC_IMPLEMENTATIONS = YES;
				CLANG_WARN_DIRECT_OBJC_ISA_USAGE = YES_ERROR;
				CLANG_WARN_DOCUMENTATION_COMMENTS = YES;
				CLANG_WARN_EMPTY_BODY = YES;
				CLANG_WARN_ENUM_CONVERSION = YES;
				CLANG_WARN_INFINITE_RECURSION = YES;
				CLANG_WARN_INT_CONVERSION = YES;
				CLANG_WARN_NON_LITERAL_NULL_CONVERSION = YES;
				CLANG_WARN_OBJC_IMPLICIT_RETAIN_SELF = YES;
				CLANG_WARN_OBJC_LITERAL_CONVERSION = YES;
				CLANG_WARN_OBJC_ROOT_CLASS = YES_ERROR;
				CLANG_WARN_QUOTED_INCLUDE_IN_FRAMEWORK_HEADER = YES;
				CLANG_WARN_RANGE_LOOP_ANALYSIS = YES;
				CLANG_WARN_STRICT_PROTOTYPES = YES;
				CLANG_WARN_SUSPICIOUS_MOVE = YES;
				CLANG_WARN_UNGUARDED_AVAILABILITY = YES_AGGRESSIVE;
				CLANG_WARN_UNREACHABLE_CODE = YES;
				CLANG_WARN__DUPLICATE_METHOD_MATCH = YES;
				COPY_PHASE_STRIP = NO;
				DEBUG_INFORMATION_FORMAT = "dwarf-with-dsym";
				ENABLE_NS_ASSERTIONS = NO;
				ENABLE_STRICT_OBJC_MSGSEND = YES;
				GCC_C_LANGUAGE_STANDARD = gnu11;
				GCC_NO_COMMON_BLOCKS = YES;
				GCC_WARN_64_TO_32_BIT_CONVERSION = YES;
				GCC_WARN_ABOUT_RETURN_TYPE = YES_ERROR;
				GCC_WARN_UNDECLARED_SELECTOR = YES;
				GCC_WARN_UNINITIALIZED_AUTOS = YES_AGGRESSIVE;
				GCC_WARN_UNUSED_FUNCTION = YES;
				GCC_WARN_UNUSED_VARIABLE = YES;
				MACOSX_DEPLOYMENT_TARGET = 13.0;
				MTL_ENABLE_DEBUG_INFO = NO;
				MTL_FAST_MATH = YES;
				SDKROOT = macosx;
				SWIFT_COMPILATION_MODE = wholemodule;
				SWIFT_OPTIMIZATION_LEVEL = "-O";
			};
			name = Release;
		};
		8CBB5AD72935079000B8AEE0 /* Debug */ = {
			isa = XCBuildConfiguration;
			buildSettings = {
				ASSETCATALOG_COMPILER_APPICON_NAME = AppIcon;
				ASSETCATALOG_COMPILER_GLOBAL_ACCENT_COLOR_NAME = AccentColor;
				CODE_SIGN_ENTITLEMENTS = CombineMacExample/CombineMacExample.entitlements;
				CODE_SIGN_STYLE = Automatic;
				COMBINE_HIDPI_IMAGES = YES;
				CURRENT_PROJECT_VERSION = 1;
				DEVELOPMENT_TEAM = U259NHMY78;
				ENABLE_HARDENED_RUNTIME = YES;
				GENERATE_INFOPLIST_FILE = YES;
				INFOPLIST_KEY_NSHumanReadableCopyright = "";
				INFOPLIST_KEY_NSMainStoryboardFile = Main;
				INFOPLIST_KEY_NSPrincipalClass = NSApplication;
				LD_RUNPATH_SEARCH_PATHS = (
					"$(inherited)",
					"@executable_path/../Frameworks",
				);
				MARKETING_VERSION = 1.0;
				PRODUCT_BUNDLE_IDENTIFIER = com.zwstudio.CombineMacExample;
				PRODUCT_NAME = "$(TARGET_NAME)";
				SWIFT_EMIT_LOC_STRINGS = YES;
				SWIFT_OBJC_BRIDGING_HEADER = "CombineMacExample/CombineMacExample-Bridging-Header.h";
				SWIFT_VERSION = 5.0;
			};
			name = Debug;
		};
		8CBB5AD82935079000B8AEE0 /* Release */ = {
			isa = XCBuildConfiguration;
			buildSettings = {
				ASSETCATALOG_COMPILER_APPICON_NAME = AppIcon;
				ASSETCATALOG_COMPILER_GLOBAL_ACCENT_COLOR_NAME = AccentColor;
				CODE_SIGN_ENTITLEMENTS = CombineMacExample/CombineMacExample.entitlements;
				CODE_SIGN_STYLE = Automatic;
				COMBINE_HIDPI_IMAGES = YES;
				CURRENT_PROJECT_VERSION = 1;
				DEVELOPMENT_TEAM = U259NHMY78;
				ENABLE_HARDENED_RUNTIME = YES;
				GENERATE_INFOPLIST_FILE = YES;
				INFOPLIST_KEY_NSHumanReadableCopyright = "";
				INFOPLIST_KEY_NSMainStoryboardFile = Main;
				INFOPLIST_KEY_NSPrincipalClass = NSApplication;
				LD_RUNPATH_SEARCH_PATHS = (
					"$(inherited)",
					"@executable_path/../Frameworks",
				);
				MARKETING_VERSION = 1.0;
				PRODUCT_BUNDLE_IDENTIFIER = com.zwstudio.CombineMacExample;
				PRODUCT_NAME = "$(TARGET_NAME)";
				SWIFT_EMIT_LOC_STRINGS = YES;
				SWIFT_OBJC_BRIDGING_HEADER = "CombineMacExample/CombineMacExample-Bridging-Header.h";
				SWIFT_VERSION = 5.0;
			};
			name = Release;
		};
/* End XCBuildConfiguration section */

/* Begin XCConfigurationList section */
		8CBB5AC22935078F00B8AEE0 /* Build configuration list for PBXProject "CombineMacExample" */ = {
			isa = XCConfigurationList;
			buildConfigurations = (
				8CBB5AD42935079000B8AEE0 /* Debug */,
				8CBB5AD52935079000B8AEE0 /* Release */,
			);
			defaultConfigurationIsVisible = 0;
			defaultConfigurationName = Release;
		};
		8CBB5AD62935079000B8AEE0 /* Build configuration list for PBXNativeTarget "CombineMacExample" */ = {
			isa = XCConfigurationList;
			buildConfigurations = (
				8CBB5AD72935079000B8AEE0 /* Debug */,
				8CBB5AD82935079000B8AEE0 /* Release */,
			);
			defaultConfigurationIsVisible = 0;
			defaultConfigurationName = Release;
		};
/* End XCConfigurationList section */
	};
	rootObject = 8CBB5ABF2935078F00B8AEE0 /* Project object */;
}
