// !$*UTF8*$!
{
	archiveVersion = 1;
	classes = {
	};
	objectVersion = 56;
	objects = {

/* Begin PBXBuildFile section */
		8CBB5ACB2935078F00B8AEE0 /* AppDelegate.swift in Sources */ = {isa = PBXBuildFile; fileRef = 8CBB5ACA2935078F00B8AEE0 /* AppDelegate.swift */; };
		8CBB5ACD2935078F00B8AEE0 /* ViewController.swift in Sources */ = {isa = PBXBuildFile; fileRef = 8CBB5ACC2935078F00B8AEE0 /* ViewController.swift */; };
		8CBB5ACF2935079000B8AEE0 /* Assets.xcassets in Resources */ = {isa = PBXBuildFile; fileRef = 8CBB5ACE2935079000B8AEE0 /* Assets.xcassets */; };
		8CBB5AD22935079000B8AEE0 /* Main.storyboard in Resources */ = {isa = PBXBuildFile; fileRef = 8CBB5AD02935079000B8AEE0 /* Main.storyboard */; };
		8CBB5AEC29359A5400B8AEE0 /* NSTextField+Combine.swift in Sources */ = {isa = PBXBuildFile; fileRef = 8CBB5AEB29359A5400B8AEE0 /* NSTextField+Combine.swift */; };
		8CBB5B712937CD6C00B8AEE0 /* StoreIn.swift in Sources */ = {isa = PBXBuildFile; fileRef = 8CBB5B6E2937CD6B00B8AEE0 /* StoreIn.swift */; };
		8CBB5B742937CD9E00B8AEE0 /* Publisher+NSTextField.swift in Sources */ = {isa = PBXBuildFile; fileRef = 8CBB5B732937CD9E00B8AEE0 /* Publisher+NSTextField.swift */; };
/* End PBXBuildFile section */

/* Begin PBXFileReference section */
		8CBB5AC72935078F00B8AEE0 /* CombineMacExample.app */ = {isa = PBXFileReference; explicitFileType = wrapper.application; includeInIndex = 0; path = CombineMacExample.app; sourceTree = BUILT_PRODUCTS_DIR; };
		8CBB5ACA2935078F00B8AEE0 /* AppDelegate.swift */ = {isa = PBXFileReference; lastKnownFileType = sourcecode.swift; path = AppDelegate.swift; sourceTree = "<group>"; };
		8CBB5ACC2935078F00B8AEE0 /* ViewController.swift */ = {isa = PBXFileReference; lastKnownFileType = sourcecode.swift; path = ViewController.swift; sourceTree = "<group>"; };
		8CBB5ACE2935079000B8AEE0 /* Assets.xcassets */ = {isa = PBXFileReference; lastKnownFileType = folder.assetcatalog; path = Assets.xcassets; sourceTree = "<group>"; };
		8CBB5AD12935079000B8AEE0 /* Base */ = {isa = PBXFileReference; lastKnownFileType = file.storyboard; name = Base; path = Base.lproj/Main.storyboard; sourceTree = "<group>"; };
		8CBB5AD32935079000B8AEE0 /* CombineMacExample.entitlements */ = {isa = PBXFileReference; lastKnownFileType = text.plist.entitlements; path = CombineMacExample.entitlements; sourceTree = "<group>"; };
		8CBB5AEB29359A5400B8AEE0 /* NSTextField+Combine.swift */ = {isa = PBXFileReference; lastKnownFileType = sourcecode.swift; path = "NSTextField+Combine.swift"; sourceTree = "<group>"; };
		8CBB5B6E2937CD6B00B8AEE0 /* StoreIn.swift */ = {isa = PBXFileReference; fileEncoding = 4; lastKnownFileType = sourcecode.swift; path = StoreIn.swift; sourceTree = "<group>"; };
		8CBB5B732937CD9E00B8AEE0 /* Publisher+NSTextField.swift */ = {isa = PBXFileReference; lastKnownFileType = sourcecode.swift; path = "Publisher+NSTextField.swift"; sourceTree = "<group>"; };
/* End PBXFileReference section */

/* Begin PBXFrameworksBuildPhase section */
		8CBB5AC42935078F00B8AEE0 /* Frameworks */ = {
			isa = PBXFrameworksBuildPhase;
			buildActionMask = 2147483647;
			files = (
			);
			runOnlyForDeploymentPostprocessing = 0;
		};
/* End PBXFrameworksBuildPhase section */

/* Begin PBXGroup section */
		8CBB5ABE2935078F00B8AEE0 = {
			isa = PBXGroup;
			children = (
				8CBB5B6C2937CD6B00B8AEE0 /* CombineBind */,
				8CBB5AC92935078F00B8AEE0 /* CombineMacExample */,
				8CBB5AC82935078F00B8AEE0 /* Products */,
			);
			sourceTree = "<group>";
		};
		8CBB5AC82935078F00B8AEE0 /* Products */ = {
			isa = PBXGroup;
			children = (
				8CBB5AC72935078F00B8AEE0 /* CombineMacExample.app */,
			);
			name = Products;
			sourceTree = "<group>";
		};
		8CBB5AC92935078F00B8AEE0 /* CombineMacExample */ = {
			isa = PBXGroup;
			children = (
				8CBB5ADC29350C6B00B8AEE0 /* CombineCocoa */,
				8CBB5ACA2935078F00B8AEE0 /* AppDelegate.swift */,
				8CBB5ACC2935078F00B8AEE0 /* ViewController.swift */,
				8CBB5ACE2935079000B8AEE0 /* Assets.xcassets */,
				8CBB5AD02935079000B8AEE0 /* Main.storyboard */,
				8CBB5AD32935079000B8AEE0 /* CombineMacExample.entitlements */,
			);
			path = CombineMacExample;
			sourceTree = "<group>";
		};
		8CBB5ADC29350C6B00B8AEE0 /* CombineCocoa */ = {
			isa = PBXGroup;
			children = (
				8CBB5AEB29359A5400B8AEE0 /* NSTextField+Combine.swift */,
			);
			path = CombineCocoa;
			sourceTree = "<group>";
		};
		8CBB5B6C2937CD6B00B8AEE0 /* CombineBind */ = {
			isa = PBXGroup;
			children = (
				8CBB5B732937CD9E00B8AEE0 /* Publisher+NSTextField.swift */,
				8CBB5B6E2937CD6B00B8AEE0 /* StoreIn.swift */,
			);
			path = CombineBind;
			sourceTree = "<group>";
		};
/* End PBXGroup section */

/* Begin PBXNativeTarget section */
		8CBB5AC62935078F00B8AEE0 /* CombineMacExample */ = {
			isa = PBXNativeTarget;
			buildConfigurationList = 8CBB5AD62935079000B8AEE0 /* Build configuration list for PBXNativeTarget "CombineMacExample" */;
			buildPhases = (
				8CBB5AC32935078F00B8AEE0 /* Sources */,
				8CBB5AC42935078F00B8AEE0 /* Frameworks */,
				8CBB5AC52935078F00B8AEE0 /* Resources */,
			);
			buildRules = (
			);
			dependencies = (
			);
			name = CombineMacExample;
			packageProductDependencies = (
			);
			productName = CombineMacExample;
			productReference = 8CBB5AC72935078F00B8AEE0 /* CombineMacExample.app */;
			productType = "com.apple.product-type.application";
		};
/* End PBXNativeTarget section */

/* Begin PBXProject section */
		8CBB5ABF2935078F00B8AEE0 /* Project object */ = {
			isa = PBXProject;
			attributes = {
				BuildIndependentTargetsInParallel = 1;
				LastSwiftUpdateCheck = 1410;
				LastUpgradeCheck = 1410;
				TargetAttributes = {
					8CBB5AC62935078F00B8AEE0 = {
						CreatedOnToolsVersion = 14.1;
					};
				};
			};
			buildConfigurationList = 8CBB5AC22935078F00B8AEE0 /* Build configuration list for PBXProject "CombineMacExample" */;
			compatibilityVersion = "Xcode 14.0";
			developmentRegion = en;
			hasScannedForEncodings = 0;
			knownRegions = (
				en,
				Base,
			);
			mainGroup = 8CBB5ABE2935078F00B8AEE0;
			packageReferences = (
			);
			productRefGroup = 8CBB5AC82935078F00B8AEE0 /* Products */;
			projectDirPath = "";
			projectRoot = "";
			targets = (
				8CBB5AC62935078F00B8AEE0 /* CombineMacExample */,
			);
		};
/* End PBXProject section */

/* Begin PBXResourcesBuildPhase section */
		8CBB5AC52935078F00B8AEE0 /* Resources */ = {
			isa = PBXResourcesBuildPhase;
			buildActionMask = 2147483647;
			files = (
				8CBB5ACF2935079000B8AEE0 /* Assets.xcassets in Resources */,
				8CBB5AD22935079000B8AEE0 /* Main.storyboard in Resources */,
			);
			runOnlyForDeploymentPostprocessing = 0;
		};
/* End PBXResourcesBuildPhase section */

/* Begin PBXSourcesBuildPhase section */
		8CBB5AC32935078F00B8AEE0 /* Sources */ = {
			isa = PBXSourcesBuildPhase;
			buildActionMask = 2147483647;
			files = (
				8CBB5B742937CD9E00B8AEE0 /* Publisher+NSTextField.swift in Sources */,
				8CBB5ACD2935078F00B8AEE0 /* ViewController.swift in Sources */,
				8CBB5B712937CD6C00B8AEE0 /* StoreIn.swift in Sources */,
				8CBB5AEC29359A5400B8AEE0 /* NSTextField+Combine.swift in Sources */,
				8CBB5ACB2935078F00B8AEE0 /* AppDelegate.swift in Sources */,
			);
			runOnlyForDeploymentPostprocessing = 0;
		};
/* End PBXSourcesBuildPhase section */

/* Begin PBXVariantGroup section */
		8CBB5AD02935079000B8AEE0 /* Main.storyboard */ = {
			isa = PBXVariantGroup;
			children = (
				8CBB5AD12935079000B8AEE0 /* Base */,
			);
			name = Main.storyboard;
			sourceTree = "<group>";
		};
/* End PBXVariantGroup section */

/* Begin XCBuildConfiguration section */
		8CBB5AD42935079000B8AEE0 /* Debug */ = {
			isa = XCBuildConfiguration;
			buildSettings = {
				ALWAYS_SEARCH_USER_PATHS = NO;
				CLANG_ANALYZER_NONNULL = YES;
				CLANG_ANALYZER_NUMBER_OBJECT_CONVERSION = YES_AGGRESSIVE;
				CLANG_CXX_LANGUAGE_STANDARD = "gnu++20";
				CLANG_ENABLE_MODULES = YES;
				CLANG_ENABLE_OBJC_ARC = YES;
				CLANG_ENABLE_OBJC_WEAK = YES;
				CLANG_WARN_BLOCK_CAPTURE_AUTORELEASING = YES;
				CLANG_WARN_BOOL_CONVERSION = YES;
				CLANG_WARN_COMMA = YES;
				CLANG_WARN_CONSTANT_CONVERSION = YES;
				CLANG_WARN_DEPRECATED_OBJC_IMPLEMENTATIONS = YES;
				CLANG_WARN_DIRECT_OBJC_ISA_USAGE = YES_ERROR;
				CLANG_WARN_DOCUMENTATION_COMMENTS = YES;
				CLANG_WARN_EMPTY_BODY = YES;
				CLANG_WARN_ENUM_CONVERSION = YES;
				CLANG_WARN_INFINITE_RECURSION = YES;
				CLANG_WARN_INT_CONVERSION = YES;
				CLANG_WARN_NON_LITERAL_NULL_CONVERSION = YES;
				CLANG_WARN_OBJC_IMPLICIT_RETAIN_SELF = YES;
				CLANG_WARN_OBJC_LITERAL_CONVERSION = YES;
				CLANG_WARN_OBJC_ROOT_CLASS = YES_ERROR;
				CLANG_WARN_QUOTED_INCLUDE_IN_FRAMEWORK_HEADER = YES;
				CLANG_WARN_RANGE_LOOP_ANALYSIS = YES;
				CLANG_WARN_STRICT_PROTOTYPES = YES;
				CLANG_WARN_SUSPICIOUS_MOVE = YES;
				CLANG_WARN_UNGUARDED_AVAILABILITY = YES_AGGRESSIVE;
				CLANG_WARN_UNREACHABLE_CODE = YES;
				CLANG_WARN__DUPLICATE_METHOD_MATCH = YES;
				COPY_PHASE_STRIP = NO;
				DEBUG_INFORMATION_FORMAT = dwarf;
				ENABLE_STRICT_OBJC_MSGSEND = YES;
				ENABLE_TESTABILITY = YES;
				GCC_C_LANGUAGE_STANDARD = gnu11;
				GCC_DYNAMIC_NO_PIC = NO;
				GCC_NO_COMMON_BLOCKS = YES;
				GCC_OPTIMIZATION_LEVEL = 0;
				GCC_PREPROCESSOR_DEFINITIONS = (
					"DEBUG=1",
					"$(inherited)",
				);
				GCC_WARN_64_TO_32_BIT_CONVERSION = YES;
				GCC_WARN_ABOUT_RETURN_TYPE = YES_ERROR;
				GCC_WARN_UNDECLARED_SELECTOR = YES;
				GCC_WARN_UNINITIALIZED_AUTOS = YES_AGGRESSIVE;
				GCC_WARN_UNUSED_FUNCTION = YES;
				GCC_WARN_UNUSED_VARIABLE = YES;
				MACOSX_DEPLOYMENT_TARGET = 13.0;
				MTL_ENABLE_DEBUG_INFO = INCLUDE_SOURCE;
				MTL_FAST_MATH = YES;
				ONLY_ACTIVE_ARCH = YES;
				SDKROOT = macosx;
				SWIFT_ACTIVE_COMPILATION_CONDITIONS = DEBUG;
				SWIFT_OPTIMIZATION_LEVEL = "-Onone";
			};
			name = Debug;
		};
		8CBB5AD52935079000B8AEE0 /* Release */ = {
			isa = XCBuildConfiguration;
			buildSettings = {
				ALWAYS_SEARCH_USER_PATHS = NO;
				CLANG_ANALYZER_NONNULL = YES;
				CLANG_ANALYZER_NUMBER_OBJECT_CONVERSION = YES_AGGRESSIVE;
				CLANG_CXX_LANGUAGE_STANDARD = "gnu++20";
				CLANG_ENABLE_MODULES = YES;
				CLANG_ENABLE_OBJC_ARC = YES;
				CLANG_ENABLE_OBJC_WEAK = YES;
				CLANG_WARN_BLOCK_CAPTURE_AUTORELEASING = YES;
				CLANG_WARN_BOOL_CONVERSION = YES;
				CLANG_WARN_COMMA = YES;
				CLANG_WARN_CONSTANT_CONVERSION = YES;
				CLANG_WARN_DEPRECATED_OBJC_IMPLEMENTATIONS = YES;
				CLANG_WARN_DIRECT_OBJC_ISA_USAGE = YES_ERROR;
				CLANG_WARN_DOCUMENTATION_COMMENTS = YES;
				CLANG_WARN_EMPTY_BODY = YES;
				CLANG_WARN_ENUM_CONVERSION = YES;
				CLANG_WARN_INFINITE_RECURSION = YES;
				CLANG_WARN_INT_CONVERSION = YES;
				CLANG_WARN_NON_LITERAL_NULL_CONVERSION = YES;
				CLANG_WARN_OBJC_IMPLICIT_RETAIN_SELF = YES;
				CLANG_WARN_OBJC_LITERAL_CONVERSION = YES;
				CLANG_WARN_OBJC_ROOT_CLASS = YES_ERROR;
				CLANG_WARN_QUOTED_INCLUDE_IN_FRAMEWORK_HEADER = YES;
				CLANG_WARN_RANGE_LOOP_ANALYSIS = YES;
				CLANG_WARN_STRICT_PROTOTYPES = YES;
				CLANG_WARN_SUSPICIOUS_MOVE = YES;
				CLANG_WARN_UNGUARDED_AVAILABILITY = YES_AGGRESSIVE;
				CLANG_WARN_UNREACHABLE_CODE = YES;
				CLANG_WARN__DUPLICATE_METHOD_MATCH = YES;
				COPY_PHASE_STRIP = NO;
				DEBUG_INFORMATION_FORMAT = "dwarf-with-dsym";
				ENABLE_NS_ASSERTIONS = NO;
				ENABLE_STRICT_OBJC_MSGSEND = YES;
				GCC_C_LANGUAGE_STANDARD = gnu11;
				GCC_NO_COMMON_BLOCKS = YES;
				GCC_WARN_64_TO_32_BIT_CONVERSION = YES;
				GCC_WARN_ABOUT_RETURN_TYPE = YES_ERROR;
				GCC_WARN_UNDECLARED_SELECTOR = YES;
				GCC_WARN_UNINITIALIZED_AUTOS = YES_AGGRESSIVE;
				GCC_WARN_UNUSED_FUNCTION = YES;
				GCC_WARN_UNUSED_VARIABLE = YES;
				MACOSX_DEPLOYMENT_TARGET = 13.0;
				MTL_ENABLE_DEBUG_INFO = NO;
				MTL_FAST_MATH = YES;
				SDKROOT = macosx;
				SWIFT_COMPILATION_MODE = wholemodule;
				SWIFT_OPTIMIZATION_LEVEL = "-O";
			};
			name = Release;
		};
		8CBB5AD72935079000B8AEE0 /* Debug */ = {
			isa = XCBuildConfiguration;
			buildSettings = {
				ASSETCATALOG_COMPILER_APPICON_NAME = AppIcon;
				ASSETCATALOG_COMPILER_GLOBAL_ACCENT_COLOR_NAME = AccentColor;
				CODE_SIGN_ENTITLEMENTS = CombineMacExample/CombineMacExample.entitlements;
				CODE_SIGN_STYLE = Automatic;
				COMBINE_HIDPI_IMAGES = YES;
				CURRENT_PROJECT_VERSION = 1;
				DEVELOPMENT_TEAM = U259NHMY78;
				ENABLE_HARDENED_RUNTIME = YES;
				GENERATE_INFOPLIST_FILE = YES;
				INFOPLIST_KEY_NSHumanReadableCopyright = "";
				INFOPLIST_KEY_NSMainStoryboardFile = Main;
				INFOPLIST_KEY_NSPrincipalClass = NSApplication;
				LD_RUNPATH_SEARCH_PATHS = (
					"$(inherited)",
					"@executable_path/../Frameworks",
				);
				MARKETING_VERSION = 1.0;
				PRODUCT_BUNDLE_IDENTIFIER = com.zwstudio.CombineMacExample;
				PRODUCT_NAME = "$(TARGET_NAME)";
				SWIFT_EMIT_LOC_STRINGS = YES;
				SWIFT_VERSION = 5.0;
			};
			name = Debug;
		};
		8CBB5AD82935079000B8AEE0 /* Release */ = {
			isa = XCBuildConfiguration;
			buildSettings = {
				ASSETCATALOG_COMPILER_APPICON_NAME = AppIcon;
				ASSETCATALOG_COMPILER_GLOBAL_ACCENT_COLOR_NAME = AccentColor;
				CODE_SIGN_ENTITLEMENTS = CombineMacExample/CombineMacExample.entitlements;
				CODE_SIGN_STYLE = Automatic;
				COMBINE_HIDPI_IMAGES = YES;
				CURRENT_PROJECT_VERSION = 1;
				DEVELOPMENT_TEAM = U259NHMY78;
				ENABLE_HARDENED_RUNTIME = YES;
				GENERATE_INFOPLIST_FILE = YES;
				INFOPLIST_KEY_NSHumanReadableCopyright = "";
				INFOPLIST_KEY_NSMainStoryboardFile = Main;
				INFOPLIST_KEY_NSPrincipalClass = NSApplication;
				LD_RUNPATH_SEARCH_PATHS = (
					"$(inherited)",
					"@executable_path/../Frameworks",
				);
				MARKETING_VERSION = 1.0;
				PRODUCT_BUNDLE_IDENTIFIER = com.zwstudio.CombineMacExample;
				PRODUCT_NAME = "$(TARGET_NAME)";
				SWIFT_EMIT_LOC_STRINGS = YES;
				SWIFT_VERSION = 5.0;
			};
			name = Release;
		};
/* End XCBuildConfiguration section */

/* Begin XCConfigurationList section */
		8CBB5AC22935078F00B8AEE0 /* Build configuration list for PBXProject "CombineMacExample" */ = {
			isa = XCConfigurationList;
			buildConfigurations = (
				8CBB5AD42935079000B8AEE0 /* Debug */,
				8CBB5AD52935079000B8AEE0 /* Release */,
			);
			defaultConfigurationIsVisible = 0;
			defaultConfigurationName = Release;
		};
		8CBB5AD62935079000B8AEE0 /* Build configuration list for PBXNativeTarget "CombineMacExample" */ = {
			isa = XCConfigurationList;
			buildConfigurations = (
				8CBB5AD72935079000B8AEE0 /* Debug */,
				8CBB5AD82935079000B8AEE0 /* Release */,
			);
			defaultConfigurationIsVisible = 0;
			defaultConfigurationName = Release;
		};
/* End XCConfigurationList section */
	};
	rootObject = 8CBB5ABF2935078F00B8AEE0 /* Project object */;
}
