
Microsoft Visual Studio Solution File, Format Version 11.00
# Visual Studio 2010
Project("{2150E333-8FDC-42A3-9474-1A3956D46DE8}") = "01-IObs", "01-IObs", "{1C7F1220-627C-4A8C-A194-F4FFF24072A6}"
EndProject
Project("{FAE04EC0-301F-11D3-BF4B-00C04F79EFBC}") = "01-IObservableIObserverImpl", "RxHelloWorld\01-IObservableIObserverImpl.csproj", "{C632A7E7-9754-4E22-9AF1-7A604B3E6C06}"
EndProject
Project("{FAE04EC0-301F-11D3-BF4B-00C04F79EFBC}") = "02-UseSubscribeMethod", "UseSubscribeMethod\02-UseSubscribeMethod.csproj", "{A2F33A0F-CC60-47EB-807A-3F4B619F66A2}"
EndProject
Project("{2150E333-8FDC-42A3-9474-1A3956D46DE8}") = "02-ObservableFactory", "02-ObservableFactory", "{6FC51ABE-DEA9-4A1A-9C40-41AA7370A02A}"
EndProject
Project("{FAE04EC0-301F-11D3-BF4B-00C04F79EFBC}") = "01-BasicFactoryMetohds", "BasicFactoryMetohds\01-BasicFactoryMetohds.csproj", "{0704ABE1-97C4-4DA7-9209-250F4CB7CA97}"
EndProject
Project("{FAE04EC0-301F-11D3-BF4B-00C04F79EFBC}") = "02-DifferenceBetweenHotAndColdSample", "DifferenceBetweenHotAndColdSample\02-DifferenceBetweenHotAndColdSample.csproj", "{C0892A24-DE9E-4AD1-AE5F-950694F7832C}"
EndProject
Project("{2150E333-8FDC-42A3-9474-1A3956D46DE8}") = "03-ExtensionMethod", "03-ExtensionMethod", "{40A6EF60-9DC4-4BB7-87D1-28EE83AF1986}"
EndProject
Project("{FAE04EC0-301F-11D3-BF4B-00C04F79EFBC}") = "01-LINQMethodSample", "LINQMethodSample\01-LINQMethodSample.csproj", "{5EFA790F-6FEC-44C5-A4CE-69534A13F924}"
EndProject
Project("{FAE04EC0-301F-11D3-BF4B-00C04F79EFBC}") = "02-TakeAndSkipSample", "TakeAndSkipSample\02-TakeAndSkipSample.csproj", "{10C695CA-D8B0-4648-A483-301F9A9D063C}"
EndProject
Project("{FAE04EC0-301F-11D3-BF4B-00C04F79EFBC}") = "03-DragSample", "DragSample\03-DragSample.csproj", "{62F3CD15-5EF6-4ADB-AA78-32BF2CF6ED0C}"
EndProject
Project("{2150E333-8FDC-42A3-9474-1A3956D46DE8}") = "99-Ex", "99-Ex", "{696D4255-3182-40D2-9726-5C6D17173B68}"
EndProject
Project("{FAE04EC0-301F-11D3-BF4B-00C04F79EFBC}") = "01-SensorSample", "SensorSample\01-SensorSample.csproj", "{D4EE7BC9-A345-4DDB-8B62-420D7FE1525C}"
EndProject
Project("{FAE04EC0-301F-11D3-BF4B-00C04F79EFBC}") = "04-DoSample", "04-DoSample\04-DoSample.csproj", "{A2042D2D-590A-40D6-B6CE-085C962E5AB8}"
EndProject
Project("{FAE04EC0-301F-11D3-BF4B-00C04F79EFBC}") = "05-CatchFinallySample", "CatchFinallySample\05-CatchFinallySample.csproj", "{0E434BC4-CF56-488D-9B10-9DD6276DE229}"
EndProject
Project("{2150E333-8FDC-42A3-9474-1A3956D46DE8}") = "04-Subjects", "04-Subjects", "{458A250E-DDF6-46E0-A73B-BDD879DC837B}"
EndProject
Project("{FAE04EC0-301F-11D3-BF4B-00C04F79EFBC}") = "SubjectsSample", "SubjectsSample\SubjectsSample.csproj", "{803AD042-71B9-439D-99D2-05A01ACE80F1}"
EndProject
Project("{FAE04EC0-301F-11D3-BF4B-00C04F79EFBC}") = "06-ConvertEnumerableSample", "ConvertEnumerableSample\06-ConvertEnumerableSample.csproj", "{072CF16E-041D-435C-A3B2-B4FC786A3217}"
EndProject
Project("{FAE04EC0-301F-11D3-BF4B-00C04F79EFBC}") = "07-AccumSample", "AccumSample\07-AccumSample.csproj", "{20A4F77A-2486-4882-8B1D-E64729763AE5}"
EndProject
Project("{FAE04EC0-301F-11D3-BF4B-00C04F79EFBC}") = "08-GroupSample", "GroupSample\08-GroupSample.csproj", "{B27EC534-D13E-4156-AFC0-29DBA5BFC13D}"
EndProject
Project("{FAE04EC0-301F-11D3-BF4B-00C04F79EFBC}") = "09-SingleValueSample", "SingleValueSample\09-SingleValueSample.csproj", "{821AF79F-4050-466D-8FDE-2227A781D94F}"
EndProject
Project("{FAE04EC0-301F-11D3-BF4B-00C04F79EFBC}") = "10-DistinctSample", "DistinctSample\10-DistinctSample.csproj", "{7F2A03AE-3FE1-4624-BD43-5A9350F81C92}"
EndProject
Project("{FAE04EC0-301F-11D3-BF4B-00C04F79EFBC}") = "11-BufferAndWindowSample", "BufferAndWindowSample\11-BufferAndWindowSample.csproj", "{3CFF1E01-0F13-4515-813E-DD9D6D696597}"
EndProject
Project("{FAE04EC0-301F-11D3-BF4B-00C04F79EFBC}") = "12-SampleSample", "SampleSample\12-SampleSample.csproj", "{3B8393ED-FFA4-4940-B25D-B231E4C6D840}"
EndProject
Project("{FAE04EC0-301F-11D3-BF4B-00C04F79EFBC}") = "13-ThrottleSample", "ThrottleSample\13-ThrottleSample.csproj", "{F2C6E5E1-50FE-4173-B9EB-E5626B4826FE}"
EndProject
Project("{FAE04EC0-301F-11D3-BF4B-00C04F79EFBC}") = "14-DelaySample", "DelaySample\14-DelaySample.csproj", "{312D254C-528A-4FCB-A4F5-7CA18B8C6E12}"
EndProject
Project("{FAE04EC0-301F-11D3-BF4B-00C04F79EFBC}") = "15-TimeoutSample", "TimeoutSample\15-TimeoutSample.csproj", "{35A528E8-59F4-411E-9B3D-DA5E4C5FFDEC}"
EndProject
Project("{FAE04EC0-301F-11D3-BF4B-00C04F79EFBC}") = "16-TimestampAndIntervalSample", "TimespanAndIntervalSample\16-TimestampAndIntervalSample.csproj", "{8DDA775C-F019-4CEA-A3E7-03E8F9C3B706}"
EndProject
Project("{FAE04EC0-301F-11D3-BF4B-00C04F79EFBC}") = "17-TypeConvertSample", "TypeConvertSample\17-TypeConvertSample.csproj", "{89D39E4D-A705-4113-B436-B13A30D74147}"
EndProject
Project("{FAE04EC0-301F-11D3-BF4B-00C04F79EFBC}") = "18-OnErrorResumeNextSample", "OnErrorResumeNextSample\18-OnErrorResumeNextSample.csproj", "{528B1D0B-2EFD-48D2-A52E-9B6CFCA64497}"
EndProject
Project("{FAE04EC0-301F-11D3-BF4B-00C04F79EFBC}") = "19-RetrySample", "RetrySample\19-RetrySample.csproj", "{2472B596-A503-4258-A62E-4A10F3CDACE2}"
EndProject
Project("{FAE04EC0-301F-11D3-BF4B-00C04F79EFBC}") = "20-PublishSample", "PublishSample\20-PublishSample.csproj", "{69F0DBA3-EEFB-4895-A2D6-98958979B7E1}"
EndProject
Project("{2150E333-8FDC-42A3-9474-1A3956D46DE8}") = "05-Compose", "05-Compose", "{DCFD9A53-F8BF-47E9-A771-67B83E4F99C9}"
EndProject
Project("{FAE04EC0-301F-11D3-BF4B-00C04F79EFBC}") = "01-ComposeSample", "ComposeSample\01-ComposeSample.csproj", "{4784194B-D8C9-403B-999E-3BD2393AFF09}"
EndProject
Project("{2150E333-8FDC-42A3-9474-1A3956D46DE8}") = "06-Schedulers", "06-Schedulers", "{86A6C67F-D132-440A-833F-5FEBE9AB7BE9}"
EndProject
Project("{FAE04EC0-301F-11D3-BF4B-00C04F79EFBC}") = "01-SchedulerSample", "SchedulerSample\01-SchedulerSample.csproj", "{7B3B0CE8-530C-4651-BE02-F3B0AFF4BC07}"
EndProject
Global
	GlobalSection(SolutionConfigurationPlatforms) = preSolution
		Debug|x86 = Debug|x86
		Release|x86 = Release|x86
	EndGlobalSection
	GlobalSection(ProjectConfigurationPlatforms) = postSolution
		{C632A7E7-9754-4E22-9AF1-7A604B3E6C06}.Debug|x86.ActiveCfg = Debug|x86
		{C632A7E7-9754-4E22-9AF1-7A604B3E6C06}.Debug|x86.Build.0 = Debug|x86
		{C632A7E7-9754-4E22-9AF1-7A604B3E6C06}.Release|x86.ActiveCfg = Release|x86
		{C632A7E7-9754-4E22-9AF1-7A604B3E6C06}.Release|x86.Build.0 = Release|x86
		{A2F33A0F-CC60-47EB-807A-3F4B619F66A2}.Debug|x86.ActiveCfg = Debug|x86
		{A2F33A0F-CC60-47EB-807A-3F4B619F66A2}.Debug|x86.Build.0 = Debug|x86
		{A2F33A0F-CC60-47EB-807A-3F4B619F66A2}.Release|x86.ActiveCfg = Release|x86
		{A2F33A0F-CC60-47EB-807A-3F4B619F66A2}.Release|x86.Build.0 = Release|x86
		{0704ABE1-97C4-4DA7-9209-250F4CB7CA97}.Debug|x86.ActiveCfg = Debug|x86
		{0704ABE1-97C4-4DA7-9209-250F4CB7CA97}.Debug|x86.Build.0 = Debug|x86
		{0704ABE1-97C4-4DA7-9209-250F4CB7CA97}.Release|x86.ActiveCfg = Release|x86
		{0704ABE1-97C4-4DA7-9209-250F4CB7CA97}.Release|x86.Build.0 = Release|x86
		{C0892A24-DE9E-4AD1-AE5F-950694F7832C}.Debug|x86.ActiveCfg = Debug|x86
		{C0892A24-DE9E-4AD1-AE5F-950694F7832C}.Debug|x86.Build.0 = Debug|x86
		{C0892A24-DE9E-4AD1-AE5F-950694F7832C}.Release|x86.ActiveCfg = Release|x86
		{C0892A24-DE9E-4AD1-AE5F-950694F7832C}.Release|x86.Build.0 = Release|x86
		{5EFA790F-6FEC-44C5-A4CE-69534A13F924}.Debug|x86.ActiveCfg = Debug|x86
		{5EFA790F-6FEC-44C5-A4CE-69534A13F924}.Debug|x86.Build.0 = Debug|x86
		{5EFA790F-6FEC-44C5-A4CE-69534A13F924}.Release|x86.ActiveCfg = Release|x86
		{5EFA790F-6FEC-44C5-A4CE-69534A13F924}.Release|x86.Build.0 = Release|x86
		{10C695CA-D8B0-4648-A483-301F9A9D063C}.Debug|x86.ActiveCfg = Debug|x86
		{10C695CA-D8B0-4648-A483-301F9A9D063C}.Debug|x86.Build.0 = Debug|x86
		{10C695CA-D8B0-4648-A483-301F9A9D063C}.Release|x86.ActiveCfg = Release|x86
		{10C695CA-D8B0-4648-A483-301F9A9D063C}.Release|x86.Build.0 = Release|x86
		{62F3CD15-5EF6-4ADB-AA78-32BF2CF6ED0C}.Debug|x86.ActiveCfg = Debug|x86
		{62F3CD15-5EF6-4ADB-AA78-32BF2CF6ED0C}.Debug|x86.Build.0 = Debug|x86
		{62F3CD15-5EF6-4ADB-AA78-32BF2CF6ED0C}.Release|x86.ActiveCfg = Release|x86
		{62F3CD15-5EF6-4ADB-AA78-32BF2CF6ED0C}.Release|x86.Build.0 = Release|x86
		{D4EE7BC9-A345-4DDB-8B62-420D7FE1525C}.Debug|x86.ActiveCfg = Debug|x86
		{D4EE7BC9-A345-4DDB-8B62-420D7FE1525C}.Debug|x86.Build.0 = Debug|x86
		{D4EE7BC9-A345-4DDB-8B62-420D7FE1525C}.Release|x86.ActiveCfg = Release|x86
		{D4EE7BC9-A345-4DDB-8B62-420D7FE1525C}.Release|x86.Build.0 = Release|x86
		{A2042D2D-590A-40D6-B6CE-085C962E5AB8}.Debug|x86.ActiveCfg = Debug|x86
		{A2042D2D-590A-40D6-B6CE-085C962E5AB8}.Debug|x86.Build.0 = Debug|x86
		{A2042D2D-590A-40D6-B6CE-085C962E5AB8}.Release|x86.ActiveCfg = Release|x86
		{A2042D2D-590A-40D6-B6CE-085C962E5AB8}.Release|x86.Build.0 = Release|x86
		{0E434BC4-CF56-488D-9B10-9DD6276DE229}.Debug|x86.ActiveCfg = Debug|x86
		{0E434BC4-CF56-488D-9B10-9DD6276DE229}.Debug|x86.Build.0 = Debug|x86
		{0E434BC4-CF56-488D-9B10-9DD6276DE229}.Release|x86.ActiveCfg = Release|x86
		{0E434BC4-CF56-488D-9B10-9DD6276DE229}.Release|x86.Build.0 = Release|x86
		{803AD042-71B9-439D-99D2-05A01ACE80F1}.Debug|x86.ActiveCfg = Debug|x86
		{803AD042-71B9-439D-99D2-05A01ACE80F1}.Debug|x86.Build.0 = Debug|x86
		{803AD042-71B9-439D-99D2-05A01ACE80F1}.Release|x86.ActiveCfg = Release|x86
		{803AD042-71B9-439D-99D2-05A01ACE80F1}.Release|x86.Build.0 = Release|x86
		{072CF16E-041D-435C-A3B2-B4FC786A3217}.Debug|x86.ActiveCfg = Debug|x86
		{072CF16E-041D-435C-A3B2-B4FC786A3217}.Debug|x86.Build.0 = Debug|x86
		{072CF16E-041D-435C-A3B2-B4FC786A3217}.Release|x86.ActiveCfg = Release|x86
		{072CF16E-041D-435C-A3B2-B4FC786A3217}.Release|x86.Build.0 = Release|x86
		{20A4F77A-2486-4882-8B1D-E64729763AE5}.Debug|x86.ActiveCfg = Debug|x86
		{20A4F77A-2486-4882-8B1D-E64729763AE5}.Debug|x86.Build.0 = Debug|x86
		{20A4F77A-2486-4882-8B1D-E64729763AE5}.Release|x86.ActiveCfg = Release|x86
		{20A4F77A-2486-4882-8B1D-E64729763AE5}.Release|x86.Build.0 = Release|x86
		{B27EC534-D13E-4156-AFC0-29DBA5BFC13D}.Debug|x86.ActiveCfg = Debug|x86
		{B27EC534-D13E-4156-AFC0-29DBA5BFC13D}.Debug|x86.Build.0 = Debug|x86
		{B27EC534-D13E-4156-AFC0-29DBA5BFC13D}.Release|x86.ActiveCfg = Release|x86
		{B27EC534-D13E-4156-AFC0-29DBA5BFC13D}.Release|x86.Build.0 = Release|x86
		{821AF79F-4050-466D-8FDE-2227A781D94F}.Debug|x86.ActiveCfg = Debug|x86
		{821AF79F-4050-466D-8FDE-2227A781D94F}.Debug|x86.Build.0 = Debug|x86
		{821AF79F-4050-466D-8FDE-2227A781D94F}.Release|x86.ActiveCfg = Release|x86
		{821AF79F-4050-466D-8FDE-2227A781D94F}.Release|x86.Build.0 = Release|x86
		{7F2A03AE-3FE1-4624-BD43-5A9350F81C92}.Debug|x86.ActiveCfg = Debug|x86
		{7F2A03AE-3FE1-4624-BD43-5A9350F81C92}.Debug|x86.Build.0 = Debug|x86
		{7F2A03AE-3FE1-4624-BD43-5A9350F81C92}.Release|x86.ActiveCfg = Release|x86
		{7F2A03AE-3FE1-4624-BD43-5A9350F81C92}.Release|x86.Build.0 = Release|x86
		{3CFF1E01-0F13-4515-813E-DD9D6D696597}.Debug|x86.ActiveCfg = Debug|x86
		{3CFF1E01-0F13-4515-813E-DD9D6D696597}.Debug|x86.Build.0 = Debug|x86
		{3CFF1E01-0F13-4515-813E-DD9D6D696597}.Release|x86.ActiveCfg = Release|x86
		{3CFF1E01-0F13-4515-813E-DD9D6D696597}.Release|x86.Build.0 = Release|x86
		{3B8393ED-FFA4-4940-B25D-B231E4C6D840}.Debug|x86.ActiveCfg = Debug|x86
		{3B8393ED-FFA4-4940-B25D-B231E4C6D840}.Debug|x86.Build.0 = Debug|x86
		{3B8393ED-FFA4-4940-B25D-B231E4C6D840}.Release|x86.ActiveCfg = Release|x86
		{3B8393ED-FFA4-4940-B25D-B231E4C6D840}.Release|x86.Build.0 = Release|x86
		{F2C6E5E1-50FE-4173-B9EB-E5626B4826FE}.Debug|x86.ActiveCfg = Debug|x86
		{F2C6E5E1-50FE-4173-B9EB-E5626B4826FE}.Debug|x86.Build.0 = Debug|x86
		{F2C6E5E1-50FE-4173-B9EB-E5626B4826FE}.Release|x86.ActiveCfg = Release|x86
		{F2C6E5E1-50FE-4173-B9EB-E5626B4826FE}.Release|x86.Build.0 = Release|x86
		{312D254C-528A-4FCB-A4F5-7CA18B8C6E12}.Debug|x86.ActiveCfg = Debug|x86
		{312D254C-528A-4FCB-A4F5-7CA18B8C6E12}.Debug|x86.Build.0 = Debug|x86
		{312D254C-528A-4FCB-A4F5-7CA18B8C6E12}.Release|x86.ActiveCfg = Release|x86
		{312D254C-528A-4FCB-A4F5-7CA18B8C6E12}.Release|x86.Build.0 = Release|x86
		{35A528E8-59F4-411E-9B3D-DA5E4C5FFDEC}.Debug|x86.ActiveCfg = Debug|x86
		{35A528E8-59F4-411E-9B3D-DA5E4C5FFDEC}.Debug|x86.Build.0 = Debug|x86
		{35A528E8-59F4-411E-9B3D-DA5E4C5FFDEC}.Release|x86.ActiveCfg = Release|x86
		{35A528E8-59F4-411E-9B3D-DA5E4C5FFDEC}.Release|x86.Build.0 = Release|x86
		{8DDA775C-F019-4CEA-A3E7-03E8F9C3B706}.Debug|x86.ActiveCfg = Debug|x86
		{8DDA775C-F019-4CEA-A3E7-03E8F9C3B706}.Debug|x86.Build.0 = Debug|x86
		{8DDA775C-F019-4CEA-A3E7-03E8F9C3B706}.Release|x86.ActiveCfg = Release|x86
		{8DDA775C-F019-4CEA-A3E7-03E8F9C3B706}.Release|x86.Build.0 = Release|x86
		{89D39E4D-A705-4113-B436-B13A30D74147}.Debug|x86.ActiveCfg = Debug|x86
		{89D39E4D-A705-4113-B436-B13A30D74147}.Debug|x86.Build.0 = Debug|x86
		{89D39E4D-A705-4113-B436-B13A30D74147}.Release|x86.ActiveCfg = Release|x86
		{89D39E4D-A705-4113-B436-B13A30D74147}.Release|x86.Build.0 = Release|x86
		{528B1D0B-2EFD-48D2-A52E-9B6CFCA64497}.Debug|x86.ActiveCfg = Debug|x86
		{528B1D0B-2EFD-48D2-A52E-9B6CFCA64497}.Debug|x86.Build.0 = Debug|x86
		{528B1D0B-2EFD-48D2-A52E-9B6CFCA64497}.Release|x86.ActiveCfg = Release|x86
		{528B1D0B-2EFD-48D2-A52E-9B6CFCA64497}.Release|x86.Build.0 = Release|x86
		{2472B596-A503-4258-A62E-4A10F3CDACE2}.Debug|x86.ActiveCfg = Debug|x86
		{2472B596-A503-4258-A62E-4A10F3CDACE2}.Debug|x86.Build.0 = Debug|x86
		{2472B596-A503-4258-A62E-4A10F3CDACE2}.Release|x86.ActiveCfg = Release|x86
		{2472B596-A503-4258-A62E-4A10F3CDACE2}.Release|x86.Build.0 = Release|x86
		{69F0DBA3-EEFB-4895-A2D6-98958979B7E1}.Debug|x86.ActiveCfg = Debug|x86
		{69F0DBA3-EEFB-4895-A2D6-98958979B7E1}.Debug|x86.Build.0 = Debug|x86
		{69F0DBA3-EEFB-4895-A2D6-98958979B7E1}.Release|x86.ActiveCfg = Release|x86
		{69F0DBA3-EEFB-4895-A2D6-98958979B7E1}.Release|x86.Build.0 = Release|x86
		{4784194B-D8C9-403B-999E-3BD2393AFF09}.Debug|x86.ActiveCfg = Debug|x86
		{4784194B-D8C9-403B-999E-3BD2393AFF09}.Debug|x86.Build.0 = Debug|x86
		{4784194B-D8C9-403B-999E-3BD2393AFF09}.Release|x86.ActiveCfg = Release|x86
		{4784194B-D8C9-403B-999E-3BD2393AFF09}.Release|x86.Build.0 = Release|x86
		{7B3B0CE8-530C-4651-BE02-F3B0AFF4BC07}.Debug|x86.ActiveCfg = Debug|x86
		{7B3B0CE8-530C-4651-BE02-F3B0AFF4BC07}.Debug|x86.Build.0 = Debug|x86
		{7B3B0CE8-530C-4651-BE02-F3B0AFF4BC07}.Release|x86.ActiveCfg = Release|x86
		{7B3B0CE8-530C-4651-BE02-F3B0AFF4BC07}.Release|x86.Build.0 = Release|x86
	EndGlobalSection
	GlobalSection(SolutionProperties) = preSolution
		HideSolutionNode = FALSE
	EndGlobalSection
	GlobalSection(NestedProjects) = preSolution
		{C632A7E7-9754-4E22-9AF1-7A604B3E6C06} = {1C7F1220-627C-4A8C-A194-F4FFF24072A6}
		{A2F33A0F-CC60-47EB-807A-3F4B619F66A2} = {1C7F1220-627C-4A8C-A194-F4FFF24072A6}
		{0704ABE1-97C4-4DA7-9209-250F4CB7CA97} = {6FC51ABE-DEA9-4A1A-9C40-41AA7370A02A}
		{C0892A24-DE9E-4AD1-AE5F-950694F7832C} = {6FC51ABE-DEA9-4A1A-9C40-41AA7370A02A}
		{5EFA790F-6FEC-44C5-A4CE-69534A13F924} = {40A6EF60-9DC4-4BB7-87D1-28EE83AF1986}
		{10C695CA-D8B0-4648-A483-301F9A9D063C} = {40A6EF60-9DC4-4BB7-87D1-28EE83AF1986}
		{62F3CD15-5EF6-4ADB-AA78-32BF2CF6ED0C} = {40A6EF60-9DC4-4BB7-87D1-28EE83AF1986}
		{A2042D2D-590A-40D6-B6CE-085C962E5AB8} = {40A6EF60-9DC4-4BB7-87D1-28EE83AF1986}
		{0E434BC4-CF56-488D-9B10-9DD6276DE229} = {40A6EF60-9DC4-4BB7-87D1-28EE83AF1986}
		{072CF16E-041D-435C-A3B2-B4FC786A3217} = {40A6EF60-9DC4-4BB7-87D1-28EE83AF1986}
		{20A4F77A-2486-4882-8B1D-E64729763AE5} = {40A6EF60-9DC4-4BB7-87D1-28EE83AF1986}
		{B27EC534-D13E-4156-AFC0-29DBA5BFC13D} = {40A6EF60-9DC4-4BB7-87D1-28EE83AF1986}
		{821AF79F-4050-466D-8FDE-2227A781D94F} = {40A6EF60-9DC4-4BB7-87D1-28EE83AF1986}
		{7F2A03AE-3FE1-4624-BD43-5A9350F81C92} = {40A6EF60-9DC4-4BB7-87D1-28EE83AF1986}
		{3CFF1E01-0F13-4515-813E-DD9D6D696597} = {40A6EF60-9DC4-4BB7-87D1-28EE83AF1986}
		{3B8393ED-FFA4-4940-B25D-B231E4C6D840} = {40A6EF60-9DC4-4BB7-87D1-28EE83AF1986}
		{F2C6E5E1-50FE-4173-B9EB-E5626B4826FE} = {40A6EF60-9DC4-4BB7-87D1-28EE83AF1986}
		{312D254C-528A-4FCB-A4F5-7CA18B8C6E12} = {40A6EF60-9DC4-4BB7-87D1-28EE83AF1986}
		{35A528E8-59F4-411E-9B3D-DA5E4C5FFDEC} = {40A6EF60-9DC4-4BB7-87D1-28EE83AF1986}
		{8DDA775C-F019-4CEA-A3E7-03E8F9C3B706} = {40A6EF60-9DC4-4BB7-87D1-28EE83AF1986}
		{89D39E4D-A705-4113-B436-B13A30D74147} = {40A6EF60-9DC4-4BB7-87D1-28EE83AF1986}
		{528B1D0B-2EFD-48D2-A52E-9B6CFCA64497} = {40A6EF60-9DC4-4BB7-87D1-28EE83AF1986}
		{2472B596-A503-4258-A62E-4A10F3CDACE2} = {40A6EF60-9DC4-4BB7-87D1-28EE83AF1986}
		{69F0DBA3-EEFB-4895-A2D6-98958979B7E1} = {40A6EF60-9DC4-4BB7-87D1-28EE83AF1986}
		{D4EE7BC9-A345-4DDB-8B62-420D7FE1525C} = {696D4255-3182-40D2-9726-5C6D17173B68}
		{803AD042-71B9-439D-99D2-05A01ACE80F1} = {458A250E-DDF6-46E0-A73B-BDD879DC837B}
		{4784194B-D8C9-403B-999E-3BD2393AFF09} = {DCFD9A53-F8BF-47E9-A771-67B83E4F99C9}
		{7B3B0CE8-530C-4651-BE02-F3B0AFF4BC07} = {86A6C67F-D132-440A-833F-5FEBE9AB7BE9}
	EndGlobalSection
EndGlobal
