// !$*UTF8*$!
{
	archiveVersion = 1;
	classes = {
	};
	objectVersion = 50;
	objects = {

/* Begin PBXBuildFile section */
		954D8B68213D757000651A80 /* main.cpp in Sources */ = {isa = PBXBuildFile; fileRef = 954D8B67213D757000651A80 /* main.cpp */; };
		95891E2022B24F5500F7180B /* jys.cpp in Sources */ = {isa = PBXBuildFile; fileRef = 95891E1622B24F5500F7180B /* jys.cpp */; };
		95891E2122B24F5500F7180B /* json1.cpp in Sources */ = {isa = PBXBuildFile; fileRef = 95891E1922B24F5500F7180B /* json1.cpp */; };
		95891E2222B24F5500F7180B /* json2.cpp in Sources */ = {isa = PBXBuildFile; fileRef = 95891E1B22B24F5500F7180B /* json2.cpp */; };
		95891E2322B24F5500F7180B /* json3.cpp in Sources */ = {isa = PBXBuildFile; fileRef = 95891E1C22B24F5500F7180B /* json3.cpp */; };
		95891E2422B24F5500F7180B /* httpclient1.cpp in Sources */ = {isa = PBXBuildFile; fileRef = 95891E1D22B24F5500F7180B /* httpclient1.cpp */; };
		95891E2522B24F5500F7180B /* rx1.cpp in Sources */ = {isa = PBXBuildFile; fileRef = 95891E1E22B24F5500F7180B /* rx1.cpp */; };
		95891E2622B24F5500F7180B /* Post.cpp in Sources */ = {isa = PBXBuildFile; fileRef = 95891E1F22B24F5500F7180B /* Post.cpp */; };
/* End PBXBuildFile section */

/* Begin PBXCopyFilesBuildPhase section */
		954D8B62213D757000651A80 /* CopyFiles */ = {
			isa = PBXCopyFilesBuildPhase;
			buildActionMask = 2147483647;
			dstPath = /usr/share/man/man1/;
			dstSubfolderSpec = 0;
			files = (
			);
			runOnlyForDeploymentPostprocessing = 1;
		};
/* End PBXCopyFilesBuildPhase section */

/* Begin PBXFileReference section */
		954D8B64213D757000651A80 /* ConsoleExample */ = {isa = PBXFileReference; explicitFileType = "compiled.mach-o.executable"; includeInIndex = 0; path = ConsoleExample; sourceTree = BUILT_PRODUCTS_DIR; };
		954D8B67213D757000651A80 /* main.cpp */ = {isa = PBXFileReference; lastKnownFileType = sourcecode.cpp.cpp; path = main.cpp; sourceTree = "<group>"; };
		95891E1622B24F5500F7180B /* jys.cpp */ = {isa = PBXFileReference; fileEncoding = 4; lastKnownFileType = sourcecode.cpp.cpp; path = jys.cpp; sourceTree = "<group>"; };
		95891E1822B24F5500F7180B /* Post.hpp */ = {isa = PBXFileReference; fileEncoding = 4; lastKnownFileType = sourcecode.cpp.h; path = Post.hpp; sourceTree = "<group>"; };
		95891E1922B24F5500F7180B /* json1.cpp */ = {isa = PBXFileReference; fileEncoding = 4; lastKnownFileType = sourcecode.cpp.cpp; path = json1.cpp; sourceTree = "<group>"; };
		95891E1A22B24F5500F7180B /* RestApi.hpp */ = {isa = PBXFileReference; fileEncoding = 4; lastKnownFileType = sourcecode.cpp.h; path = RestApi.hpp; sourceTree = "<group>"; };
		95891E1B22B24F5500F7180B /* json2.cpp */ = {isa = PBXFileReference; fileEncoding = 4; lastKnownFileType = sourcecode.cpp.cpp; path = json2.cpp; sourceTree = "<group>"; };
		95891E1C22B24F5500F7180B /* json3.cpp */ = {isa = PBXFileReference; fileEncoding = 4; lastKnownFileType = sourcecode.cpp.cpp; path = json3.cpp; sourceTree = "<group>"; };
		95891E1D22B24F5500F7180B /* httpclient1.cpp */ = {isa = PBXFileReference; fileEncoding = 4; lastKnownFileType = sourcecode.cpp.cpp; path = httpclient1.cpp; sourceTree = "<group>"; };
		95891E1E22B24F5500F7180B /* rx1.cpp */ = {isa = PBXFileReference; fileEncoding = 4; lastKnownFileType = sourcecode.cpp.cpp; path = rx1.cpp; sourceTree = "<group>"; };
		95891E1F22B24F5500F7180B /* Post.cpp */ = {isa = PBXFileReference; fileEncoding = 4; lastKnownFileType = sourcecode.cpp.cpp; path = Post.cpp; sourceTree = "<group>"; };
/* End PBXFileReference section */

/* Begin PBXFrameworksBuildPhase section */
		954D8B61213D757000651A80 /* Frameworks */ = {
			isa = PBXFrameworksBuildPhase;
			buildActionMask = 2147483647;
			files = (
			);
			runOnlyForDeploymentPostprocessing = 0;
		};
/* End PBXFrameworksBuildPhase section */

/* Begin PBXGroup section */
		954D8B5B213D757000651A80 = {
			isa = PBXGroup;
			children = (
				954D8B66213D757000651A80 /* ConsoleExample */,
				954D8B65213D757000651A80 /* Products */,
			);
			sourceTree = "<group>";
		};
		954D8B65213D757000651A80 /* Products */ = {
			isa = PBXGroup;
			children = (
				954D8B64213D757000651A80 /* ConsoleExample */,
			);
			name = Products;
			sourceTree = "<group>";
		};
		954D8B66213D757000651A80 /* ConsoleExample */ = {
			isa = PBXGroup;
			children = (
				95891E1422B24F5500F7180B /* Range */,
				95891E1722B24F5500F7180B /* Rest */,
				954D8B67213D757000651A80 /* main.cpp */,
			);
			path = ConsoleExample;
			sourceTree = "<group>";
		};
		95891E1422B24F5500F7180B /* Range */ = {
			isa = PBXGroup;
			children = (
				95891E1622B24F5500F7180B /* jys.cpp */,
			);
			path = Range;
			sourceTree = "<group>";
		};
		95891E1722B24F5500F7180B /* Rest */ = {
			isa = PBXGroup;
			children = (
				95891E1822B24F5500F7180B /* Post.hpp */,
				95891E1922B24F5500F7180B /* json1.cpp */,
				95891E1A22B24F5500F7180B /* RestApi.hpp */,
				95891E1B22B24F5500F7180B /* json2.cpp */,
				95891E1C22B24F5500F7180B /* json3.cpp */,
				95891E1D22B24F5500F7180B /* httpclient1.cpp */,
				95891E1E22B24F5500F7180B /* rx1.cpp */,
				95891E1F22B24F5500F7180B /* Post.cpp */,
			);
			path = Rest;
			sourceTree = "<group>";
		};
/* End PBXGroup section */

/* Begin PBXNativeTarget section */
		954D8B63213D757000651A80 /* ConsoleExample */ = {
			isa = PBXNativeTarget;
			buildConfigurationList = 954D8B6B213D757000651A80 /* Build configuration list for PBXNativeTarget "ConsoleExample" */;
			buildPhases = (
				954D8B60213D757000651A80 /* Sources */,
				954D8B61213D757000651A80 /* Frameworks */,
				954D8B62213D757000651A80 /* CopyFiles */,
			);
			buildRules = (
			);
			dependencies = (
			);
			name = ConsoleExample;
			productName = ConsoleExample;
			productReference = 954D8B64213D757000651A80 /* ConsoleExample */;
			productType = "com.apple.product-type.tool";
		};
/* End PBXNativeTarget section */

/* Begin PBXProject section */
		954D8B5C213D757000651A80 /* Project object */ = {
			isa = PBXProject;
			attributes = {
				LastUpgradeCheck = 0940;
				ORGANIZATIONNAME = "趙偉";
				TargetAttributes = {
					954D8B63213D757000651A80 = {
						CreatedOnToolsVersion = 9.4.1;
					};
				};
			};
			buildConfigurationList = 954D8B5F213D757000651A80 /* Build configuration list for PBXProject "ConsoleExample" */;
			compatibilityVersion = "Xcode 9.3";
			developmentRegion = en;
			hasScannedForEncodings = 0;
			knownRegions = (
				en,
			);
			mainGroup = 954D8B5B213D757000651A80;
			productRefGroup = 954D8B65213D757000651A80 /* Products */;
			projectDirPath = "";
			projectRoot = "";
			targets = (
				954D8B63213D757000651A80 /* ConsoleExample */,
			);
		};
/* End PBXProject section */

/* Begin PBXSourcesBuildPhase section */
		954D8B60213D757000651A80 /* Sources */ = {
			isa = PBXSourcesBuildPhase;
			buildActionMask = 2147483647;
			files = (
				95891E2122B24F5500F7180B /* json1.cpp in Sources */,
				95891E2522B24F5500F7180B /* rx1.cpp in Sources */,
				95891E2022B24F5500F7180B /* jys.cpp in Sources */,
				95891E2222B24F5500F7180B /* json2.cpp in Sources */,
				954D8B68213D757000651A80 /* main.cpp in Sources */,
				95891E2422B24F5500F7180B /* httpclient1.cpp in Sources */,
				95891E2322B24F5500F7180B /* json3.cpp in Sources */,
				95891E2622B24F5500F7180B /* Post.cpp in Sources */,
			);
			runOnlyForDeploymentPostprocessing = 0;
		};
/* End PBXSourcesBuildPhase section */

/* Begin XCBuildConfiguration section */
		954D8B69213D757000651A80 /* Debug */ = {
			isa = XCBuildConfiguration;
			buildSettings = {
				ALWAYS_SEARCH_USER_PATHS = NO;
				CLANG_ANALYZER_NONNULL = YES;
				CLANG_ANALYZER_NUMBER_OBJECT_CONVERSION = YES_AGGRESSIVE;
				CLANG_CXX_LANGUAGE_STANDARD = "gnu++14";
				CLANG_CXX_LIBRARY = "libc++";
				CLANG_ENABLE_MODULES = YES;
				CLANG_ENABLE_OBJC_ARC = YES;
				CLANG_ENABLE_OBJC_WEAK = YES;
				CLANG_WARN_BLOCK_CAPTURE_AUTORELEASING = YES;
				CLANG_WARN_BOOL_CONVERSION = YES;
				CLANG_WARN_COMMA = YES;
				CLANG_WARN_CONSTANT_CONVERSION = YES;
				CLANG_WARN_DEPRECATED_OBJC_IMPLEMENTATIONS = YES;
				CLANG_WARN_DIRECT_OBJC_ISA_USAGE = YES_ERROR;
				CLANG_WARN_DOCUMENTATION_COMMENTS = YES;
				CLANG_WARN_EMPTY_BODY = YES;
				CLANG_WARN_ENUM_CONVERSION = YES;
				CLANG_WARN_INFINITE_RECURSION = YES;
				CLANG_WARN_INT_CONVERSION = YES;
				CLANG_WARN_NON_LITERAL_NULL_CONVERSION = YES;
				CLANG_WARN_OBJC_IMPLICIT_RETAIN_SELF = YES;
				CLANG_WARN_OBJC_LITERAL_CONVERSION = YES;
				CLANG_WARN_OBJC_ROOT_CLASS = YES_ERROR;
				CLANG_WARN_RANGE_LOOP_ANALYSIS = YES;
				CLANG_WARN_STRICT_PROTOTYPES = YES;
				CLANG_WARN_SUSPICIOUS_MOVE = YES;
				CLANG_WARN_UNGUARDED_AVAILABILITY = YES_AGGRESSIVE;
				CLANG_WARN_UNREACHABLE_CODE = YES;
				CLANG_WARN__DUPLICATE_METHOD_MATCH = YES;
				CODE_SIGN_IDENTITY = "Mac Developer";
				COPY_PHASE_STRIP = NO;
				DEBUG_INFORMATION_FORMAT = dwarf;
				ENABLE_STRICT_OBJC_MSGSEND = YES;
				ENABLE_TESTABILITY = YES;
				GCC_C_LANGUAGE_STANDARD = gnu11;
				GCC_DYNAMIC_NO_PIC = NO;
				GCC_NO_COMMON_BLOCKS = YES;
				GCC_OPTIMIZATION_LEVEL = 0;
				GCC_PREPROCESSOR_DEFINITIONS = (
					"DEBUG=1",
					"$(inherited)",
				);
				GCC_WARN_64_TO_32_BIT_CONVERSION = YES;
				GCC_WARN_ABOUT_RETURN_TYPE = YES_ERROR;
				GCC_WARN_UNDECLARED_SELECTOR = YES;
				GCC_WARN_UNINITIALIZED_AUTOS = YES_AGGRESSIVE;
				GCC_WARN_UNUSED_FUNCTION = YES;
				GCC_WARN_UNUSED_VARIABLE = YES;
				MACOSX_DEPLOYMENT_TARGET = 10.13;
				MTL_ENABLE_DEBUG_INFO = YES;
				ONLY_ACTIVE_ARCH = YES;
				SDKROOT = macosx;
			};
			name = Debug;
		};
		954D8B6A213D757000651A80 /* Release */ = {
			isa = XCBuildConfiguration;
			buildSettings = {
				ALWAYS_SEARCH_USER_PATHS = NO;
				CLANG_ANALYZER_NONNULL = YES;
				CLANG_ANALYZER_NUMBER_OBJECT_CONVERSION = YES_AGGRESSIVE;
				CLANG_CXX_LANGUAGE_STANDARD = "gnu++14";
				CLANG_CXX_LIBRARY = "libc++";
				CLANG_ENABLE_MODULES = YES;
				CLANG_ENABLE_OBJC_ARC = YES;
				CLANG_ENABLE_OBJC_WEAK = YES;
				CLANG_WARN_BLOCK_CAPTURE_AUTORELEASING = YES;
				CLANG_WARN_BOOL_CONVERSION = YES;
				CLANG_WARN_COMMA = YES;
				CLANG_WARN_CONSTANT_CONVERSION = YES;
				CLANG_WARN_DEPRECATED_OBJC_IMPLEMENTATIONS = YES;
				CLANG_WARN_DIRECT_OBJC_ISA_USAGE = YES_ERROR;
				CLANG_WARN_DOCUMENTATION_COMMENTS = YES;
				CLANG_WARN_EMPTY_BODY = YES;
				CLANG_WARN_ENUM_CONVERSION = YES;
				CLANG_WARN_INFINITE_RECURSION = YES;
				CLANG_WARN_INT_CONVERSION = YES;
				CLANG_WARN_NON_LITERAL_NULL_CONVERSION = YES;
				CLANG_WARN_OBJC_IMPLICIT_RETAIN_SELF = YES;
				CLANG_WARN_OBJC_LITERAL_CONVERSION = YES;
				CLANG_WARN_OBJC_ROOT_CLASS = YES_ERROR;
				CLANG_WARN_RANGE_LOOP_ANALYSIS = YES;
				CLANG_WARN_STRICT_PROTOTYPES = YES;
				CLANG_WARN_SUSPICIOUS_MOVE = YES;
				CLANG_WARN_UNGUARDED_AVAILABILITY = YES_AGGRESSIVE;
				CLANG_WARN_UNREACHABLE_CODE = YES;
				CLANG_WARN__DUPLICATE_METHOD_MATCH = YES;
				CODE_SIGN_IDENTITY = "Mac Developer";
				COPY_PHASE_STRIP = NO;
				DEBUG_INFORMATION_FORMAT = "dwarf-with-dsym";
				ENABLE_NS_ASSERTIONS = NO;
				ENABLE_STRICT_OBJC_MSGSEND = YES;
				GCC_C_LANGUAGE_STANDARD = gnu11;
				GCC_NO_COMMON_BLOCKS = YES;
				GCC_WARN_64_TO_32_BIT_CONVERSION = YES;
				GCC_WARN_ABOUT_RETURN_TYPE = YES_ERROR;
				GCC_WARN_UNDECLARED_SELECTOR = YES;
				GCC_WARN_UNINITIALIZED_AUTOS = YES_AGGRESSIVE;
				GCC_WARN_UNUSED_FUNCTION = YES;
				GCC_WARN_UNUSED_VARIABLE = YES;
				MACOSX_DEPLOYMENT_TARGET = 10.13;
				MTL_ENABLE_DEBUG_INFO = NO;
				SDKROOT = macosx;
			};
			name = Release;
		};
		954D8B6C213D757000651A80 /* Debug */ = {
			isa = XCBuildConfiguration;
			buildSettings = {
				CLANG_CXX_LANGUAGE_STANDARD = "gnu++17";
				CODE_SIGN_STYLE = Automatic;
				DEVELOPMENT_TEAM = U259NHMY78;
				LIBRARY_SEARCH_PATHS = (
					/usr/local/Cellar/cpprestsdk/2.10.13/lib,
					/usr/local/Cellar/boost/1.69.0_2/lib,
					/usr/local/Cellar/libressl/2.8.3/lib,
				);
				OTHER_LDFLAGS = (
					"-lcpprest",
					"-lboost_system",
					"-lboost_thread-mt",
					"-lboost_chrono-mt",
					"-lssl",
					"-lcrypto",
				);
				PRODUCT_NAME = "$(TARGET_NAME)";
				SYSTEM_HEADER_SEARCH_PATHS = (
					/usr/local/Cellar/cpprestsdk/2.10.13/include,
					/usr/local/Cellar/boost/1.69.0_2/include,
					/usr/local/Cellar/libressl/2.8.3/include,
					/usr/local/Cellar/nlohmann_json/3.6.1/include,
					"/usr/local/Cellar/range-v3/0.5.0/include",
					/Users/zhaowei/Documents/Programs/OSS/RxCpp/Rx/v2/src,
				);
			};
			name = Debug;
		};
		954D8B6D213D757000651A80 /* Release */ = {
			isa = XCBuildConfiguration;
			buildSettings = {
				CLANG_CXX_LANGUAGE_STANDARD = "gnu++17";
				CODE_SIGN_STYLE = Automatic;
				DEVELOPMENT_TEAM = U259NHMY78;
				LIBRARY_SEARCH_PATHS = (
					/usr/local/Cellar/cpprestsdk/2.10.13/lib,
					/usr/local/Cellar/boost/1.69.0_2/lib,
					/usr/local/Cellar/libressl/2.8.3/lib,
				);
				OTHER_LDFLAGS = (
					"-lcpprest",
					"-lboost_system",
					"-lboost_thread-mt",
					"-lboost_chrono-mt",
					"-lssl",
					"-lcrypto",
				);
				PRODUCT_NAME = "$(TARGET_NAME)";
				SYSTEM_HEADER_SEARCH_PATHS = (
					/usr/local/Cellar/cpprestsdk/2.10.13/include,
					/usr/local/Cellar/boost/1.69.0_2/include,
					/usr/local/Cellar/libressl/2.8.3/include,
					/usr/local/Cellar/nlohmann_json/3.6.1/include,
					"/usr/local/Cellar/range-v3/0.5.0/include",
					/Users/zhaowei/Documents/Programs/OSS/RxCpp/Rx/v2/src,
				);
			};
			name = Release;
		};
/* End XCBuildConfiguration section */

/* Begin XCConfigurationList section */
		954D8B5F213D757000651A80 /* Build configuration list for PBXProject "ConsoleExample" */ = {
			isa = XCConfigurationList;
			buildConfigurations = (
				954D8B69213D757000651A80 /* Debug */,
				954D8B6A213D757000651A80 /* Release */,
			);
			defaultConfigurationIsVisible = 0;
			defaultConfigurationName = Release;
		};
		954D8B6B213D757000651A80 /* Build configuration list for PBXNativeTarget "ConsoleExample" */ = {
			isa = XCConfigurationList;
			buildConfigurations = (
				954D8B6C213D757000651A80 /* Debug */,
				954D8B6D213D757000651A80 /* Release */,
			);
			defaultConfigurationIsVisible = 0;
			defaultConfigurationName = Release;
		};
/* End XCConfigurationList section */
	};
	rootObject = 954D8B5C213D757000651A80 /* Project object */;
}
