
Microsoft Visual Studio Solution File, Format Version 12.00
# Visual Studio 14
VisualStudioVersion = 14.0.22823.1
MinimumVisualStudioVersion = 10.0.40219.1
Project("{FAE04EC0-301F-11D3-BF4B-00C04F79EFBC}") = "SampleCS", "SampleCs\SampleCS.csproj", "{A65E06B2-4CFE-4562-A231-9A7A36EF3D02}"
EndProject
Project("{FAE04EC0-301F-11D3-BF4B-00C04F79EFBC}") = "SamplePadCS", "SamplePadCS\SamplePadCS.csproj", "{1DA6C424-3037-450C-A6F1-574247327D96}"
EndProject
Global
	GlobalSection(SolutionConfigurationPlatforms) = preSolution
		Debug|Any CPU = Debug|Any CPU
		Release|Any CPU = Release|Any CPU
	EndGlobalSection
	GlobalSection(ProjectConfigurationPlatforms) = postSolution
		{A65E06B2-4CFE-4562-A231-9A7A36EF3D02}.Debug|Any CPU.ActiveCfg = Debug|Any CPU
		{A65E06B2-4CFE-4562-A231-9A7A36EF3D02}.Debug|Any CPU.Build.0 = Debug|Any CPU
		{A65E06B2-4CFE-4562-A231-9A7A36EF3D02}.Release|Any CPU.ActiveCfg = Release|Any CPU
		{A65E06B2-4CFE-4562-A231-9A7A36EF3D02}.Release|Any CPU.Build.0 = Release|Any CPU
		{1DA6C424-3037-450C-A6F1-574247327D96}.Debug|Any CPU.ActiveCfg = Debug|Any CPU
		{1DA6C424-3037-450C-A6F1-574247327D96}.Debug|Any CPU.Build.0 = Debug|Any CPU
		{1DA6C424-3037-450C-A6F1-574247327D96}.Release|Any CPU.ActiveCfg = Release|Any CPU
		{1DA6C424-3037-450C-A6F1-574247327D96}.Release|Any CPU.Build.0 = Release|Any CPU
	EndGlobalSection
	GlobalSection(SolutionProperties) = preSolution
		HideSolutionNode = FALSE
	EndGlobalSection
EndGlobal
