// !$*UTF8*$!
{
	archiveVersion = 1;
	classes = {
	};
	objectVersion = 50;
	objects = {

/* Begin PBXBuildFile section */
		01B2F405150953DF0BB0123F /* Pods_RxExample.framework in Frameworks */ = {isa = PBXBuildFile; fileRef = 21ED21882CD61008CC9BFC09 /* Pods_RxExample.framework */; };
		954D8AC421326F5400651A80 /* AppDelegate.swift in Sources */ = {isa = PBXBuildFile; fileRef = 954D8AC321326F5400651A80 /* AppDelegate.swift */; };
		954D8AC921326F5400651A80 /* Main.storyboard in Resources */ = {isa = PBXBuildFile; fileRef = 954D8AC721326F5400651A80 /* Main.storyboard */; };
		954D8ACB21326F5500651A80 /* Assets.xcassets in Resources */ = {isa = PBXBuildFile; fileRef = 954D8ACA21326F5500651A80 /* Assets.xcassets */; };
		954D8ACE21326F5500651A80 /* LaunchScreen.storyboard in Resources */ = {isa = PBXBuildFile; fileRef = 954D8ACC21326F5500651A80 /* LaunchScreen.storyboard */; };
		954D8AD921326F5500651A80 /* RxExampleTests.swift in Sources */ = {isa = PBXBuildFile; fileRef = 954D8AD821326F5500651A80 /* RxExampleTests.swift */; };
		954D8AE421326F5500651A80 /* RxExampleUITests.swift in Sources */ = {isa = PBXBuildFile; fileRef = 954D8AE321326F5500651A80 /* RxExampleUITests.swift */; };
		954D8AF4213270FE00651A80 /* Post.swift in Sources */ = {isa = PBXBuildFile; fileRef = 954D8AF1213270FE00651A80 /* Post.swift */; };
		954D8AF5213270FE00651A80 /* RxCodableAlamofire.swift in Sources */ = {isa = PBXBuildFile; fileRef = 954D8AF2213270FE00651A80 /* RxCodableAlamofire.swift */; };
		954D8AF6213270FE00651A80 /* RestApi.swift in Sources */ = {isa = PBXBuildFile; fileRef = 954D8AF3213270FE00651A80 /* RestApi.swift */; };
		954D8AF92132746300651A80 /* DetailViewController.swift in Sources */ = {isa = PBXBuildFile; fileRef = 954D8AF72132746300651A80 /* DetailViewController.swift */; };
		954D8AFA2132746300651A80 /* MasterViewController.swift in Sources */ = {isa = PBXBuildFile; fileRef = 954D8AF82132746300651A80 /* MasterViewController.swift */; };
/* End PBXBuildFile section */

/* Begin PBXContainerItemProxy section */
		954D8AD521326F5500651A80 /* PBXContainerItemProxy */ = {
			isa = PBXContainerItemProxy;
			containerPortal = 954D8AB821326F5400651A80 /* Project object */;
			proxyType = 1;
			remoteGlobalIDString = 954D8ABF21326F5400651A80;
			remoteInfo = RxExample;
		};
		954D8AE021326F5500651A80 /* PBXContainerItemProxy */ = {
			isa = PBXContainerItemProxy;
			containerPortal = 954D8AB821326F5400651A80 /* Project object */;
			proxyType = 1;
			remoteGlobalIDString = 954D8ABF21326F5400651A80;
			remoteInfo = RxExample;
		};
/* End PBXContainerItemProxy section */

/* Begin PBXFileReference section */
		21ED21882CD61008CC9BFC09 /* Pods_RxExample.framework */ = {isa = PBXFileReference; explicitFileType = wrapper.framework; includeInIndex = 0; path = Pods_RxExample.framework; sourceTree = BUILT_PRODUCTS_DIR; };
		6EE2031BF2F0025521BE9F20 /* Pods-RxExample.release.xcconfig */ = {isa = PBXFileReference; includeInIndex = 1; lastKnownFileType = text.xcconfig; name = "Pods-RxExample.release.xcconfig"; path = "Pods/Target Support Files/Pods-RxExample/Pods-RxExample.release.xcconfig"; sourceTree = "<group>"; };
		802BC58473772FA2B6501693 /* Pods-RxExample.debug.xcconfig */ = {isa = PBXFileReference; includeInIndex = 1; lastKnownFileType = text.xcconfig; name = "Pods-RxExample.debug.xcconfig"; path = "Pods/Target Support Files/Pods-RxExample/Pods-RxExample.debug.xcconfig"; sourceTree = "<group>"; };
		954D8AC021326F5400651A80 /* RxExample.app */ = {isa = PBXFileReference; explicitFileType = wrapper.application; includeInIndex = 0; path = RxExample.app; sourceTree = BUILT_PRODUCTS_DIR; };
		954D8AC321326F5400651A80 /* AppDelegate.swift */ = {isa = PBXFileReference; lastKnownFileType = sourcecode.swift; path = AppDelegate.swift; sourceTree = "<group>"; };
		954D8AC821326F5400651A80 /* Base */ = {isa = PBXFileReference; lastKnownFileType = file.storyboard; name = Base; path = Base.lproj/Main.storyboard; sourceTree = "<group>"; };
		954D8ACA21326F5500651A80 /* Assets.xcassets */ = {isa = PBXFileReference; lastKnownFileType = folder.assetcatalog; path = Assets.xcassets; sourceTree = "<group>"; };
		954D8ACD21326F5500651A80 /* Base */ = {isa = PBXFileReference; lastKnownFileType = file.storyboard; name = Base; path = Base.lproj/LaunchScreen.storyboard; sourceTree = "<group>"; };
		954D8ACF21326F5500651A80 /* Info.plist */ = {isa = PBXFileReference; lastKnownFileType = text.plist.xml; path = Info.plist; sourceTree = "<group>"; };
		954D8AD421326F5500651A80 /* RxExampleTests.xctest */ = {isa = PBXFileReference; explicitFileType = wrapper.cfbundle; includeInIndex = 0; path = RxExampleTests.xctest; sourceTree = BUILT_PRODUCTS_DIR; };
		954D8AD821326F5500651A80 /* RxExampleTests.swift */ = {isa = PBXFileReference; lastKnownFileType = sourcecode.swift; path = RxExampleTests.swift; sourceTree = "<group>"; };
		954D8ADA21326F5500651A80 /* Info.plist */ = {isa = PBXFileReference; lastKnownFileType = text.plist.xml; path = Info.plist; sourceTree = "<group>"; };
		954D8ADF21326F5500651A80 /* RxExampleUITests.xctest */ = {isa = PBXFileReference; explicitFileType = wrapper.cfbundle; includeInIndex = 0; path = RxExampleUITests.xctest; sourceTree = BUILT_PRODUCTS_DIR; };
		954D8AE321326F5500651A80 /* RxExampleUITests.swift */ = {isa = PBXFileReference; lastKnownFileType = sourcecode.swift; path = RxExampleUITests.swift; sourceTree = "<group>"; };
		954D8AE521326F5500651A80 /* Info.plist */ = {isa = PBXFileReference; lastKnownFileType = text.plist.xml; path = Info.plist; sourceTree = "<group>"; };
		954D8AF1213270FE00651A80 /* Post.swift */ = {isa = PBXFileReference; fileEncoding = 4; lastKnownFileType = sourcecode.swift; path = Post.swift; sourceTree = "<group>"; };
		954D8AF2213270FE00651A80 /* RxCodableAlamofire.swift */ = {isa = PBXFileReference; fileEncoding = 4; lastKnownFileType = sourcecode.swift; path = RxCodableAlamofire.swift; sourceTree = "<group>"; };
		954D8AF3213270FE00651A80 /* RestApi.swift */ = {isa = PBXFileReference; fileEncoding = 4; lastKnownFileType = sourcecode.swift; path = RestApi.swift; sourceTree = "<group>"; };
		954D8AF72132746300651A80 /* DetailViewController.swift */ = {isa = PBXFileReference; fileEncoding = 4; lastKnownFileType = sourcecode.swift; path = DetailViewController.swift; sourceTree = "<group>"; };
		954D8AF82132746300651A80 /* MasterViewController.swift */ = {isa = PBXFileReference; fileEncoding = 4; lastKnownFileType = sourcecode.swift; path = MasterViewController.swift; sourceTree = "<group>"; };
/* End PBXFileReference section */

/* Begin PBXFrameworksBuildPhase section */
		954D8ABD21326F5400651A80 /* Frameworks */ = {
			isa = PBXFrameworksBuildPhase;
			buildActionMask = 2147483647;
			files = (
				01B2F405150953DF0BB0123F /* Pods_RxExample.framework in Frameworks */,
			);
			runOnlyForDeploymentPostprocessing = 0;
		};
		954D8AD121326F5500651A80 /* Frameworks */ = {
			isa = PBXFrameworksBuildPhase;
			buildActionMask = 2147483647;
			files = (
			);
			runOnlyForDeploymentPostprocessing = 0;
		};
		954D8ADC21326F5500651A80 /* Frameworks */ = {
			isa = PBXFrameworksBuildPhase;
			buildActionMask = 2147483647;
			files = (
			);
			runOnlyForDeploymentPostprocessing = 0;
		};
/* End PBXFrameworksBuildPhase section */

/* Begin PBXGroup section */
		14B3E93BC83211E2DC549F28 /* Frameworks */ = {
			isa = PBXGroup;
			children = (
				21ED21882CD61008CC9BFC09 /* Pods_RxExample.framework */,
			);
			name = Frameworks;
			sourceTree = "<group>";
		};
		4F1C2CC3B80670803C2D6F01 /* Pods */ = {
			isa = PBXGroup;
			children = (
				802BC58473772FA2B6501693 /* Pods-RxExample.debug.xcconfig */,
				6EE2031BF2F0025521BE9F20 /* Pods-RxExample.release.xcconfig */,
			);
			name = Pods;
			sourceTree = "<group>";
		};
		954D8AB721326F5400651A80 = {
			isa = PBXGroup;
			children = (
				954D8AC221326F5400651A80 /* RxExample */,
				954D8AD721326F5500651A80 /* RxExampleTests */,
				954D8AE221326F5500651A80 /* RxExampleUITests */,
				954D8AC121326F5400651A80 /* Products */,
				4F1C2CC3B80670803C2D6F01 /* Pods */,
				14B3E93BC83211E2DC549F28 /* Frameworks */,
			);
			sourceTree = "<group>";
		};
		954D8AC121326F5400651A80 /* Products */ = {
			isa = PBXGroup;
			children = (
				954D8AC021326F5400651A80 /* RxExample.app */,
				954D8AD421326F5500651A80 /* RxExampleTests.xctest */,
				954D8ADF21326F5500651A80 /* RxExampleUITests.xctest */,
			);
			name = Products;
			sourceTree = "<group>";
		};
		954D8AC221326F5400651A80 /* RxExample */ = {
			isa = PBXGroup;
			children = (
				954D8AC321326F5400651A80 /* AppDelegate.swift */,
				954D8ACA21326F5500651A80 /* Assets.xcassets */,
				954D8AF72132746300651A80 /* DetailViewController.swift */,
				954D8ACF21326F5500651A80 /* Info.plist */,
				954D8ACC21326F5500651A80 /* LaunchScreen.storyboard */,
				954D8AC721326F5400651A80 /* Main.storyboard */,
				954D8AF82132746300651A80 /* MasterViewController.swift */,
				954D8AF1213270FE00651A80 /* Post.swift */,
				954D8AF3213270FE00651A80 /* RestApi.swift */,
				954D8AF2213270FE00651A80 /* RxCodableAlamofire.swift */,
			);
			path = RxExample;
			sourceTree = "<group>";
		};
		954D8AD721326F5500651A80 /* RxExampleTests */ = {
			isa = PBXGroup;
			children = (
				954D8AD821326F5500651A80 /* RxExampleTests.swift */,
				954D8ADA21326F5500651A80 /* Info.plist */,
			);
			path = RxExampleTests;
			sourceTree = "<group>";
		};
		954D8AE221326F5500651A80 /* RxExampleUITests */ = {
			isa = PBXGroup;
			children = (
				954D8AE321326F5500651A80 /* RxExampleUITests.swift */,
				954D8AE521326F5500651A80 /* Info.plist */,
			);
			path = RxExampleUITests;
			sourceTree = "<group>";
		};
/* End PBXGroup section */

/* Begin PBXNativeTarget section */
		954D8ABF21326F5400651A80 /* RxExample */ = {
			isa = PBXNativeTarget;
			buildConfigurationList = 954D8AE821326F5500651A80 /* Build configuration list for PBXNativeTarget "RxExample" */;
			buildPhases = (
				1353A87D359D549258B33D54 /* [CP] Check Pods Manifest.lock */,
				954D8ABC21326F5400651A80 /* Sources */,
				954D8ABD21326F5400651A80 /* Frameworks */,
				954D8ABE21326F5400651A80 /* Resources */,
				EC0C4B5D76CE8AC0C431BE15 /* [CP] Embed Pods Frameworks */,
			);
			buildRules = (
			);
			dependencies = (
			);
			name = RxExample;
			productName = RxExample;
			productReference = 954D8AC021326F5400651A80 /* RxExample.app */;
			productType = "com.apple.product-type.application";
		};
		954D8AD321326F5500651A80 /* RxExampleTests */ = {
			isa = PBXNativeTarget;
			buildConfigurationList = 954D8AEB21326F5500651A80 /* Build configuration list for PBXNativeTarget "RxExampleTests" */;
			buildPhases = (
				954D8AD021326F5500651A80 /* Sources */,
				954D8AD121326F5500651A80 /* Frameworks */,
				954D8AD221326F5500651A80 /* Resources */,
			);
			buildRules = (
			);
			dependencies = (
				954D8AD621326F5500651A80 /* PBXTargetDependency */,
			);
			name = RxExampleTests;
			productName = RxExampleTests;
			productReference = 954D8AD421326F5500651A80 /* RxExampleTests.xctest */;
			productType = "com.apple.product-type.bundle.unit-test";
		};
		954D8ADE21326F5500651A80 /* RxExampleUITests */ = {
			isa = PBXNativeTarget;
			buildConfigurationList = 954D8AEE21326F5500651A80 /* Build configuration list for PBXNativeTarget "RxExampleUITests" */;
			buildPhases = (
				954D8ADB21326F5500651A80 /* Sources */,
				954D8ADC21326F5500651A80 /* Frameworks */,
				954D8ADD21326F5500651A80 /* Resources */,
			);
			buildRules = (
			);
			dependencies = (
				954D8AE121326F5500651A80 /* PBXTargetDependency */,
			);
			name = RxExampleUITests;
			productName = RxExampleUITests;
			productReference = 954D8ADF21326F5500651A80 /* RxExampleUITests.xctest */;
			productType = "com.apple.product-type.bundle.ui-testing";
		};
/* End PBXNativeTarget section */

/* Begin PBXProject section */
		954D8AB821326F5400651A80 /* Project object */ = {
			isa = PBXProject;
			attributes = {
				LastSwiftUpdateCheck = 0940;
				LastUpgradeCheck = 0940;
				ORGANIZATIONNAME = "趙偉";
				TargetAttributes = {
					954D8ABF21326F5400651A80 = {
						CreatedOnToolsVersion = 9.4.1;
					};
					954D8AD321326F5500651A80 = {
						CreatedOnToolsVersion = 9.4.1;
						TestTargetID = 954D8ABF21326F5400651A80;
					};
					954D8ADE21326F5500651A80 = {
						CreatedOnToolsVersion = 9.4.1;
						TestTargetID = 954D8ABF21326F5400651A80;
					};
				};
			};
			buildConfigurationList = 954D8ABB21326F5400651A80 /* Build configuration list for PBXProject "RxExample" */;
			compatibilityVersion = "Xcode 9.3";
			developmentRegion = en;
			hasScannedForEncodings = 0;
			knownRegions = (
				en,
				Base,
			);
			mainGroup = 954D8AB721326F5400651A80;
			productRefGroup = 954D8AC121326F5400651A80 /* Products */;
			projectDirPath = "";
			projectRoot = "";
			targets = (
				954D8ABF21326F5400651A80 /* RxExample */,
				954D8AD321326F5500651A80 /* RxExampleTests */,
				954D8ADE21326F5500651A80 /* RxExampleUITests */,
			);
		};
/* End PBXProject section */

/* Begin PBXResourcesBuildPhase section */
		954D8ABE21326F5400651A80 /* Resources */ = {
			isa = PBXResourcesBuildPhase;
			buildActionMask = 2147483647;
			files = (
				954D8ACE21326F5500651A80 /* LaunchScreen.storyboard in Resources */,
				954D8ACB21326F5500651A80 /* Assets.xcassets in Resources */,
				954D8AC921326F5400651A80 /* Main.storyboard in Resources */,
			);
			runOnlyForDeploymentPostprocessing = 0;
		};
		954D8AD221326F5500651A80 /* Resources */ = {
			isa = PBXResourcesBuildPhase;
			buildActionMask = 2147483647;
			files = (
			);
			runOnlyForDeploymentPostprocessing = 0;
		};
		954D8ADD21326F5500651A80 /* Resources */ = {
			isa = PBXResourcesBuildPhase;
			buildActionMask = 2147483647;
			files = (
			);
			runOnlyForDeploymentPostprocessing = 0;
		};
/* End PBXResourcesBuildPhase section */

/* Begin PBXShellScriptBuildPhase section */
		1353A87D359D549258B33D54 /* [CP] Check Pods Manifest.lock */ = {
			isa = PBXShellScriptBuildPhase;
			buildActionMask = 2147483647;
			files = (
			);
			inputPaths = (
				"${PODS_PODFILE_DIR_PATH}/Podfile.lock",
				"${PODS_ROOT}/Manifest.lock",
			);
			name = "[CP] Check Pods Manifest.lock";
			outputPaths = (
				"$(DERIVED_FILE_DIR)/Pods-RxExample-checkManifestLockResult.txt",
			);
			runOnlyForDeploymentPostprocessing = 0;
			shellPath = /bin/sh;
			shellScript = "diff \"${PODS_PODFILE_DIR_PATH}/Podfile.lock\" \"${PODS_ROOT}/Manifest.lock\" > /dev/null\nif [ $? != 0 ] ; then\n    # print error to STDERR\n    echo \"error: The sandbox is not in sync with the Podfile.lock. Run 'pod install' or update your CocoaPods installation.\" >&2\n    exit 1\nfi\n# This output is used by Xcode 'outputs' to avoid re-running this script phase.\necho \"SUCCESS\" > \"${SCRIPT_OUTPUT_FILE_0}\"\n";
			showEnvVarsInLog = 0;
		};
		EC0C4B5D76CE8AC0C431BE15 /* [CP] Embed Pods Frameworks */ = {
			isa = PBXShellScriptBuildPhase;
			buildActionMask = 2147483647;
			files = (
			);
			inputPaths = (
				"${SRCROOT}/Pods/Target Support Files/Pods-RxExample/Pods-RxExample-frameworks.sh",
				"${BUILT_PRODUCTS_DIR}/Alamofire/Alamofire.framework",
				"${BUILT_PRODUCTS_DIR}/CodableAlamofire/CodableAlamofire.framework",
				"${BUILT_PRODUCTS_DIR}/RxAlamofire/RxAlamofire.framework",
				"${BUILT_PRODUCTS_DIR}/RxCocoa/RxCocoa.framework",
				"${BUILT_PRODUCTS_DIR}/RxSwift/RxSwift.framework",
			);
			name = "[CP] Embed Pods Frameworks";
			outputPaths = (
				"${TARGET_BUILD_DIR}/${FRAMEWORKS_FOLDER_PATH}/Alamofire.framework",
				"${TARGET_BUILD_DIR}/${FRAMEWORKS_FOLDER_PATH}/CodableAlamofire.framework",
				"${TARGET_BUILD_DIR}/${FRAMEWORKS_FOLDER_PATH}/RxAlamofire.framework",
				"${TARGET_BUILD_DIR}/${FRAMEWORKS_FOLDER_PATH}/RxCocoa.framework",
				"${TARGET_BUILD_DIR}/${FRAMEWORKS_FOLDER_PATH}/RxSwift.framework",
			);
			runOnlyForDeploymentPostprocessing = 0;
			shellPath = /bin/sh;
			shellScript = "\"${SRCROOT}/Pods/Target Support Files/Pods-RxExample/Pods-RxExample-frameworks.sh\"\n";
			showEnvVarsInLog = 0;
		};
/* End PBXShellScriptBuildPhase section */

/* Begin PBXSourcesBuildPhase section */
		954D8ABC21326F5400651A80 /* Sources */ = {
			isa = PBXSourcesBuildPhase;
			buildActionMask = 2147483647;
			files = (
				954D8AF6213270FE00651A80 /* RestApi.swift in Sources */,
				954D8AF4213270FE00651A80 /* Post.swift in Sources */,
				954D8AFA2132746300651A80 /* MasterViewController.swift in Sources */,
				954D8AF92132746300651A80 /* DetailViewController.swift in Sources */,
				954D8AC421326F5400651A80 /* AppDelegate.swift in Sources */,
				954D8AF5213270FE00651A80 /* RxCodableAlamofire.swift in Sources */,
			);
			runOnlyForDeploymentPostprocessing = 0;
		};
		954D8AD021326F5500651A80 /* Sources */ = {
			isa = PBXSourcesBuildPhase;
			buildActionMask = 2147483647;
			files = (
				954D8AD921326F5500651A80 /* RxExampleTests.swift in Sources */,
			);
			runOnlyForDeploymentPostprocessing = 0;
		};
		954D8ADB21326F5500651A80 /* Sources */ = {
			isa = PBXSourcesBuildPhase;
			buildActionMask = 2147483647;
			files = (
				954D8AE421326F5500651A80 /* RxExampleUITests.swift in Sources */,
			);
			runOnlyForDeploymentPostprocessing = 0;
		};
/* End PBXSourcesBuildPhase section */

/* Begin PBXTargetDependency section */
		954D8AD621326F5500651A80 /* PBXTargetDependency */ = {
			isa = PBXTargetDependency;
			target = 954D8ABF21326F5400651A80 /* RxExample */;
			targetProxy = 954D8AD521326F5500651A80 /* PBXContainerItemProxy */;
		};
		954D8AE121326F5500651A80 /* PBXTargetDependency */ = {
			isa = PBXTargetDependency;
			target = 954D8ABF21326F5400651A80 /* RxExample */;
			targetProxy = 954D8AE021326F5500651A80 /* PBXContainerItemProxy */;
		};
/* End PBXTargetDependency section */

/* Begin PBXVariantGroup section */
		954D8AC721326F5400651A80 /* Main.storyboard */ = {
			isa = PBXVariantGroup;
			children = (
				954D8AC821326F5400651A80 /* Base */,
			);
			name = Main.storyboard;
			sourceTree = "<group>";
		};
		954D8ACC21326F5500651A80 /* LaunchScreen.storyboard */ = {
			isa = PBXVariantGroup;
			children = (
				954D8ACD21326F5500651A80 /* Base */,
			);
			name = LaunchScreen.storyboard;
			sourceTree = "<group>";
		};
/* End PBXVariantGroup section */

/* Begin XCBuildConfiguration section */
		954D8AE621326F5500651A80 /* Debug */ = {
			isa = XCBuildConfiguration;
			buildSettings = {
				ALWAYS_SEARCH_USER_PATHS = NO;
				CLANG_ANALYZER_NONNULL = YES;
				CLANG_ANALYZER_NUMBER_OBJECT_CONVERSION = YES_AGGRESSIVE;
				CLANG_CXX_LANGUAGE_STANDARD = "gnu++14";
				CLANG_CXX_LIBRARY = "libc++";
				CLANG_ENABLE_MODULES = YES;
				CLANG_ENABLE_OBJC_ARC = YES;
				CLANG_ENABLE_OBJC_WEAK = YES;
				CLANG_WARN_BLOCK_CAPTURE_AUTORELEASING = YES;
				CLANG_WARN_BOOL_CONVERSION = YES;
				CLANG_WARN_COMMA = YES;
				CLANG_WARN_CONSTANT_CONVERSION = YES;
				CLANG_WARN_DEPRECATED_OBJC_IMPLEMENTATIONS = YES;
				CLANG_WARN_DIRECT_OBJC_ISA_USAGE = YES_ERROR;
				CLANG_WARN_DOCUMENTATION_COMMENTS = YES;
				CLANG_WARN_EMPTY_BODY = YES;
				CLANG_WARN_ENUM_CONVERSION = YES;
				CLANG_WARN_INFINITE_RECURSION = YES;
				CLANG_WARN_INT_CONVERSION = YES;
				CLANG_WARN_NON_LITERAL_NULL_CONVERSION = YES;
				CLANG_WARN_OBJC_IMPLICIT_RETAIN_SELF = YES;
				CLANG_WARN_OBJC_LITERAL_CONVERSION = YES;
				CLANG_WARN_OBJC_ROOT_CLASS = YES_ERROR;
				CLANG_WARN_RANGE_LOOP_ANALYSIS = YES;
				CLANG_WARN_STRICT_PROTOTYPES = YES;
				CLANG_WARN_SUSPICIOUS_MOVE = YES;
				CLANG_WARN_UNGUARDED_AVAILABILITY = YES_AGGRESSIVE;
				CLANG_WARN_UNREACHABLE_CODE = YES;
				CLANG_WARN__DUPLICATE_METHOD_MATCH = YES;
				CODE_SIGN_IDENTITY = "iPhone Developer";
				COPY_PHASE_STRIP = NO;
				DEBUG_INFORMATION_FORMAT = dwarf;
				ENABLE_STRICT_OBJC_MSGSEND = YES;
				ENABLE_TESTABILITY = YES;
				GCC_C_LANGUAGE_STANDARD = gnu11;
				GCC_DYNAMIC_NO_PIC = NO;
				GCC_NO_COMMON_BLOCKS = YES;
				GCC_OPTIMIZATION_LEVEL = 0;
				GCC_PREPROCESSOR_DEFINITIONS = (
					"DEBUG=1",
					"$(inherited)",
				);
				GCC_WARN_64_TO_32_BIT_CONVERSION = YES;
				GCC_WARN_ABOUT_RETURN_TYPE = YES_ERROR;
				GCC_WARN_UNDECLARED_SELECTOR = YES;
				GCC_WARN_UNINITIALIZED_AUTOS = YES_AGGRESSIVE;
				GCC_WARN_UNUSED_FUNCTION = YES;
				GCC_WARN_UNUSED_VARIABLE = YES;
				IPHONEOS_DEPLOYMENT_TARGET = 11.4;
				MTL_ENABLE_DEBUG_INFO = YES;
				ONLY_ACTIVE_ARCH = YES;
				SDKROOT = iphoneos;
				SWIFT_ACTIVE_COMPILATION_CONDITIONS = DEBUG;
				SWIFT_OPTIMIZATION_LEVEL = "-Onone";
			};
			name = Debug;
		};
		954D8AE721326F5500651A80 /* Release */ = {
			isa = XCBuildConfiguration;
			buildSettings = {
				ALWAYS_SEARCH_USER_PATHS = NO;
				CLANG_ANALYZER_NONNULL = YES;
				CLANG_ANALYZER_NUMBER_OBJECT_CONVERSION = YES_AGGRESSIVE;
				CLANG_CXX_LANGUAGE_STANDARD = "gnu++14";
				CLANG_CXX_LIBRARY = "libc++";
				CLANG_ENABLE_MODULES = YES;
				CLANG_ENABLE_OBJC_ARC = YES;
				CLANG_ENABLE_OBJC_WEAK = YES;
				CLANG_WARN_BLOCK_CAPTURE_AUTORELEASING = YES;
				CLANG_WARN_BOOL_CONVERSION = YES;
				CLANG_WARN_COMMA = YES;
				CLANG_WARN_CONSTANT_CONVERSION = YES;
				CLANG_WARN_DEPRECATED_OBJC_IMPLEMENTATIONS = YES;
				CLANG_WARN_DIRECT_OBJC_ISA_USAGE = YES_ERROR;
				CLANG_WARN_DOCUMENTATION_COMMENTS = YES;
				CLANG_WARN_EMPTY_BODY = YES;
				CLANG_WARN_ENUM_CONVERSION = YES;
				CLANG_WARN_INFINITE_RECURSION = YES;
				CLANG_WARN_INT_CONVERSION = YES;
				CLANG_WARN_NON_LITERAL_NULL_CONVERSION = YES;
				CLANG_WARN_OBJC_IMPLICIT_RETAIN_SELF = YES;
				CLANG_WARN_OBJC_LITERAL_CONVERSION = YES;
				CLANG_WARN_OBJC_ROOT_CLASS = YES_ERROR;
				CLANG_WARN_RANGE_LOOP_ANALYSIS = YES;
				CLANG_WARN_STRICT_PROTOTYPES = YES;
				CLANG_WARN_SUSPICIOUS_MOVE = YES;
				CLANG_WARN_UNGUARDED_AVAILABILITY = YES_AGGRESSIVE;
				CLANG_WARN_UNREACHABLE_CODE = YES;
				CLANG_WARN__DUPLICATE_METHOD_MATCH = YES;
				CODE_SIGN_IDENTITY = "iPhone Developer";
				COPY_PHASE_STRIP = NO;
				DEBUG_INFORMATION_FORMAT = "dwarf-with-dsym";
				ENABLE_NS_ASSERTIONS = NO;
				ENABLE_STRICT_OBJC_MSGSEND = YES;
				GCC_C_LANGUAGE_STANDARD = gnu11;
				GCC_NO_COMMON_BLOCKS = YES;
				GCC_WARN_64_TO_32_BIT_CONVERSION = YES;
				GCC_WARN_ABOUT_RETURN_TYPE = YES_ERROR;
				GCC_WARN_UNDECLARED_SELECTOR = YES;
				GCC_WARN_UNINITIALIZED_AUTOS = YES_AGGRESSIVE;
				GCC_WARN_UNUSED_FUNCTION = YES;
				GCC_WARN_UNUSED_VARIABLE = YES;
				IPHONEOS_DEPLOYMENT_TARGET = 11.4;
				MTL_ENABLE_DEBUG_INFO = NO;
				SDKROOT = iphoneos;
				SWIFT_COMPILATION_MODE = wholemodule;
				SWIFT_OPTIMIZATION_LEVEL = "-O";
				VALIDATE_PRODUCT = YES;
			};
			name = Release;
		};
		954D8AE921326F5500651A80 /* Debug */ = {
			isa = XCBuildConfiguration;
			baseConfigurationReference = 802BC58473772FA2B6501693 /* Pods-RxExample.debug.xcconfig */;
			buildSettings = {
				ASSETCATALOG_COMPILER_APPICON_NAME = AppIcon;
				CODE_SIGN_STYLE = Automatic;
				DEVELOPMENT_TEAM = U259NHMY78;
				INFOPLIST_FILE = RxExample/Info.plist;
				LD_RUNPATH_SEARCH_PATHS = (
					"$(inherited)",
					"@executable_path/Frameworks",
				);
				PRODUCT_BUNDLE_IDENTIFIER = com.zwstudio.RxExample;
				PRODUCT_NAME = "$(TARGET_NAME)";
				SWIFT_VERSION = 4.0;
				TARGETED_DEVICE_FAMILY = "1,2";
			};
			name = Debug;
		};
		954D8AEA21326F5500651A80 /* Release */ = {
			isa = XCBuildConfiguration;
			baseConfigurationReference = 6EE2031BF2F0025521BE9F20 /* Pods-RxExample.release.xcconfig */;
			buildSettings = {
				ASSETCATALOG_COMPILER_APPICON_NAME = AppIcon;
				CODE_SIGN_STYLE = Automatic;
				DEVELOPMENT_TEAM = U259NHMY78;
				INFOPLIST_FILE = RxExample/Info.plist;
				LD_RUNPATH_SEARCH_PATHS = (
					"$(inherited)",
					"@executable_path/Frameworks",
				);
				PRODUCT_BUNDLE_IDENTIFIER = com.zwstudio.RxExample;
				PRODUCT_NAME = "$(TARGET_NAME)";
				SWIFT_VERSION = 4.0;
				TARGETED_DEVICE_FAMILY = "1,2";
			};
			name = Release;
		};
		954D8AEC21326F5500651A80 /* Debug */ = {
			isa = XCBuildConfiguration;
			buildSettings = {
				ALWAYS_EMBED_SWIFT_STANDARD_LIBRARIES = YES;
				BUNDLE_LOADER = "$(TEST_HOST)";
				CODE_SIGN_STYLE = Automatic;
				DEVELOPMENT_TEAM = U259NHMY78;
				INFOPLIST_FILE = RxExampleTests/Info.plist;
				LD_RUNPATH_SEARCH_PATHS = (
					"$(inherited)",
					"@executable_path/Frameworks",
					"@loader_path/Frameworks",
				);
				PRODUCT_BUNDLE_IDENTIFIER = com.zwstudio.RxExampleTests;
				PRODUCT_NAME = "$(TARGET_NAME)";
				SWIFT_VERSION = 4.0;
				TARGETED_DEVICE_FAMILY = "1,2";
				TEST_HOST = "$(BUILT_PRODUCTS_DIR)/RxExample.app/RxExample";
			};
			name = Debug;
		};
		954D8AED21326F5500651A80 /* Release */ = {
			isa = XCBuildConfiguration;
			buildSettings = {
				ALWAYS_EMBED_SWIFT_STANDARD_LIBRARIES = YES;
				BUNDLE_LOADER = "$(TEST_HOST)";
				CODE_SIGN_STYLE = Automatic;
				DEVELOPMENT_TEAM = U259NHMY78;
				INFOPLIST_FILE = RxExampleTests/Info.plist;
				LD_RUNPATH_SEARCH_PATHS = (
					"$(inherited)",
					"@executable_path/Frameworks",
					"@loader_path/Frameworks",
				);
				PRODUCT_BUNDLE_IDENTIFIER = com.zwstudio.RxExampleTests;
				PRODUCT_NAME = "$(TARGET_NAME)";
				SWIFT_VERSION = 4.0;
				TARGETED_DEVICE_FAMILY = "1,2";
				TEST_HOST = "$(BUILT_PRODUCTS_DIR)/RxExample.app/RxExample";
			};
			name = Release;
		};
		954D8AEF21326F5500651A80 /* Debug */ = {
			isa = XCBuildConfiguration;
			buildSettings = {
				ALWAYS_EMBED_SWIFT_STANDARD_LIBRARIES = YES;
				CODE_SIGN_STYLE = Automatic;
				DEVELOPMENT_TEAM = U259NHMY78;
				INFOPLIST_FILE = RxExampleUITests/Info.plist;
				LD_RUNPATH_SEARCH_PATHS = (
					"$(inherited)",
					"@executable_path/Frameworks",
					"@loader_path/Frameworks",
				);
				PRODUCT_BUNDLE_IDENTIFIER = com.zwstudio.RxExampleUITests;
				PRODUCT_NAME = "$(TARGET_NAME)";
				SWIFT_VERSION = 4.0;
				TARGETED_DEVICE_FAMILY = "1,2";
				TEST_TARGET_NAME = RxExample;
			};
			name = Debug;
		};
		954D8AF021326F5500651A80 /* Release */ = {
			isa = XCBuildConfiguration;
			buildSettings = {
				ALWAYS_EMBED_SWIFT_STANDARD_LIBRARIES = YES;
				CODE_SIGN_STYLE = Automatic;
				DEVELOPMENT_TEAM = U259NHMY78;
				INFOPLIST_FILE = RxExampleUITests/Info.plist;
				LD_RUNPATH_SEARCH_PATHS = (
					"$(inherited)",
					"@executable_path/Frameworks",
					"@loader_path/Frameworks",
				);
				PRODUCT_BUNDLE_IDENTIFIER = com.zwstudio.RxExampleUITests;
				PRODUCT_NAME = "$(TARGET_NAME)";
				SWIFT_VERSION = 4.0;
				TARGETED_DEVICE_FAMILY = "1,2";
				TEST_TARGET_NAME = RxExample;
			};
			name = Release;
		};
/* End XCBuildConfiguration section */

/* Begin XCConfigurationList section */
		954D8ABB21326F5400651A80 /* Build configuration list for PBXProject "RxExample" */ = {
			isa = XCConfigurationList;
			buildConfigurations = (
				954D8AE621326F5500651A80 /* Debug */,
				954D8AE721326F5500651A80 /* Release */,
			);
			defaultConfigurationIsVisible = 0;
			defaultConfigurationName = Release;
		};
		954D8AE821326F5500651A80 /* Build configuration list for PBXNativeTarget "RxExample" */ = {
			isa = XCConfigurationList;
			buildConfigurations = (
				954D8AE921326F5500651A80 /* Debug */,
				954D8AEA21326F5500651A80 /* Release */,
			);
			defaultConfigurationIsVisible = 0;
			defaultConfigurationName = Release;
		};
		954D8AEB21326F5500651A80 /* Build configuration list for PBXNativeTarget "RxExampleTests" */ = {
			isa = XCConfigurationList;
			buildConfigurations = (
				954D8AEC21326F5500651A80 /* Debug */,
				954D8AED21326F5500651A80 /* Release */,
			);
			defaultConfigurationIsVisible = 0;
			defaultConfigurationName = Release;
		};
		954D8AEE21326F5500651A80 /* Build configuration list for PBXNativeTarget "RxExampleUITests" */ = {
			isa = XCConfigurationList;
			buildConfigurations = (
				954D8AEF21326F5500651A80 /* Debug */,
				954D8AF021326F5500651A80 /* Release */,
			);
			defaultConfigurationIsVisible = 0;
			defaultConfigurationName = Release;
		};
/* End XCConfigurationList section */
	};
	rootObject = 954D8AB821326F5400651A80 /* Project object */;
}
